// !$*UTF8*$!
{
	archiveVersion = 1;
	classes = {
	};
	objectVersion = 48;
	objects = {

/* Begin PBXBuildFile section */
		2003E0821FFC339E00878F8A /* ArrayExtensionTests.swift in Sources */ = {isa = PBXBuildFile; fileRef = 2003E0811FFC339E00878F8A /* ArrayExtensionTests.swift */; };
		2003E08B1FFC358B00878F8A /* LanguageFormatter.swift in Sources */ = {isa = PBXBuildFile; fileRef = 20642B291FCE099900E3AA2F /* LanguageFormatter.swift */; };
		2003E08C1FFC358E00878F8A /* ConfigurationFile.swift in Sources */ = {isa = PBXBuildFile; fileRef = 2059DA421FCCD15600B020C3 /* ConfigurationFile.swift */; };
		2003E08E1FFC366A00878F8A /* StringExtension.swift in Sources */ = {isa = PBXBuildFile; fileRef = 2059DA351FCCCBEE00B020C3 /* StringExtension.swift */; };
		2003E08F1FFC366A00878F8A /* Data.swift in Sources */ = {isa = PBXBuildFile; fileRef = 2059DA461FCCD17700B020C3 /* Data.swift */; };
		2003E0901FFC366A00878F8A /* DateExtension.swift in Sources */ = {isa = PBXBuildFile; fileRef = 20642B1D1FCDCF4900E3AA2F /* DateExtension.swift */; };
		2003E0911FFC366A00878F8A /* ArrayExtension.swift in Sources */ = {isa = PBXBuildFile; fileRef = 205C80DB1FD071920094404D /* ArrayExtension.swift */; };
		2003E0921FFC366E00878F8A /* Type.swift in Sources */ = {isa = PBXBuildFile; fileRef = 2059DA381FCCCC0700B020C3 /* Type.swift */; };
		2003E0931FFC366E00878F8A /* NetworkError.swift in Sources */ = {isa = PBXBuildFile; fileRef = 2059DA441FCCD16800B020C3 /* NetworkError.swift */; };
		2003E0941FFC366E00878F8A /* PriorityType.swift in Sources */ = {isa = PBXBuildFile; fileRef = 205C80D91FD069060094404D /* PriorityType.swift */; };
		2003E0951FFC367700878F8A /* NetworkRequester.swift in Sources */ = {isa = PBXBuildFile; fileRef = 208E0ED81FCCA9BD00EB25EA /* NetworkRequester.swift */; };
		2003E0961FFC367700878F8A /* JsonParser.swift in Sources */ = {isa = PBXBuildFile; fileRef = 2059DA3B1FCCCC7900B020C3 /* JsonParser.swift */; };
		2003E0971FFC367700878F8A /* ModelGenerator.swift in Sources */ = {isa = PBXBuildFile; fileRef = 2059DA3D1FCCCC9400B020C3 /* ModelGenerator.swift */; };
		2003E0981FFC367700878F8A /* LineContent.swift in Sources */ = {isa = PBXBuildFile; fileRef = 20642B201FCDFCA600E3AA2F /* LineContent.swift */; };
		2003E0991FFC367700878F8A /* GeneratorDataSource.swift in Sources */ = {isa = PBXBuildFile; fileRef = 20642B221FCDFCB500E3AA2F /* GeneratorDataSource.swift */; };
		2003E09A1FFC367700878F8A /* ModelDataSource.swift in Sources */ = {isa = PBXBuildFile; fileRef = 2059DA3F1FCCCE0600B020C3 /* ModelDataSource.swift */; };
		2003E09B1FFC367C00878F8A /* ConfigurationFile.swift in Sources */ = {isa = PBXBuildFile; fileRef = 2059DA421FCCD15600B020C3 /* ConfigurationFile.swift */; };
		2003E09C1FFC367C00878F8A /* Endpoint.swift in Sources */ = {isa = PBXBuildFile; fileRef = 20642B271FCE044300E3AA2F /* Endpoint.swift */; };
		2003E09D1FFC367C00878F8A /* Line.swift in Sources */ = {isa = PBXBuildFile; fileRef = 20642B2B1FCE18FB00E3AA2F /* Line.swift */; };
		2003E09E1FFC367C00878F8A /* CustomProperty.swift in Sources */ = {isa = PBXBuildFile; fileRef = 201F09BA1FD1C700005547A5 /* CustomProperty.swift */; };
		2003E09F1FFC367C00878F8A /* KeyedProperty.swift in Sources */ = {isa = PBXBuildFile; fileRef = 201F09BC1FD1C719005547A5 /* KeyedProperty.swift */; };
		2003E0A01FFC367C00878F8A /* AuthEndpoint.swift in Sources */ = {isa = PBXBuildFile; fileRef = 20625B691FFBEF4E00CBE47D /* AuthEndpoint.swift */; };
		2003E0A11FFC368200878F8A /* SwiftLanguageFormatter.swift in Sources */ = {isa = PBXBuildFile; fileRef = 20642B251FCDFF2500E3AA2F /* SwiftLanguageFormatter.swift */; };
		2003E0A21FFC368200878F8A /* LanguageFormatter.swift in Sources */ = {isa = PBXBuildFile; fileRef = 20642B291FCE099900E3AA2F /* LanguageFormatter.swift */; };
		2003E0A31FFC368500878F8A /* ModelParser.swift in Sources */ = {isa = PBXBuildFile; fileRef = 201F09701FD0BF9E005547A5 /* ModelParser.swift */; };
		2003E0A41FFC369100878F8A /* ConfigurationParser.swift in Sources */ = {isa = PBXBuildFile; fileRef = 208E0ED91FCCA9BD00EB25EA /* ConfigurationParser.swift */; };
		2003E0A71FFC397500878F8A /* ModelDataSourceTests.swift in Sources */ = {isa = PBXBuildFile; fileRef = 2003E0A61FFC397500878F8A /* ModelDataSourceTests.swift */; };
		2003E0AA1FFC3F9800878F8A /* PriorityTypeTests.swift in Sources */ = {isa = PBXBuildFile; fileRef = 2003E0A91FFC3F9800878F8A /* PriorityTypeTests.swift */; };
		2003E0AC1FFC427C00878F8A /* TypeTests.swift in Sources */ = {isa = PBXBuildFile; fileRef = 2003E0AB1FFC427C00878F8A /* TypeTests.swift */; };
		2003E0B01FFD217400878F8A /* JsonParserTests.swift in Sources */ = {isa = PBXBuildFile; fileRef = 2003E0AF1FFD217400878F8A /* JsonParserTests.swift */; };
		2003E0B31FFD28FC00878F8A /* FakeModelDataSource.swift in Sources */ = {isa = PBXBuildFile; fileRef = 2003E0B21FFD28FC00878F8A /* FakeModelDataSource.swift */; };
		2003E0B51FFD291C00878F8A /* FakeModelGenerator.swift in Sources */ = {isa = PBXBuildFile; fileRef = 2003E0B41FFD291C00878F8A /* FakeModelGenerator.swift */; };
		2003E0B81FFD323300878F8A /* ModelGeneratorTests.swift in Sources */ = {isa = PBXBuildFile; fileRef = 2003E0B71FFD323300878F8A /* ModelGeneratorTests.swift */; };
		2003E0BA1FFD3DCA00878F8A /* FakeGeneratorDataSource.swift in Sources */ = {isa = PBXBuildFile; fileRef = 2003E0B91FFD3DCA00878F8A /* FakeGeneratorDataSource.swift */; };
		2003E0BC1FFD426D00878F8A /* FakeLineContent.swift in Sources */ = {isa = PBXBuildFile; fileRef = 2003E0BB1FFD426D00878F8A /* FakeLineContent.swift */; };
		2003E0BF1FFD43F700878F8A /* GeneratorDataSourceProtocol.swift in Sources */ = {isa = PBXBuildFile; fileRef = 2003E0BE1FFD43F700878F8A /* GeneratorDataSourceProtocol.swift */; };
		2003E0C11FFD44AE00878F8A /* GeneratorDataSourceTests.swift in Sources */ = {isa = PBXBuildFile; fileRef = 2003E0C01FFD44AE00878F8A /* GeneratorDataSourceTests.swift */; };
		2003E0C21FFD45F600878F8A /* GeneratorDataSourceProtocol.swift in Sources */ = {isa = PBXBuildFile; fileRef = 2003E0BE1FFD43F700878F8A /* GeneratorDataSourceProtocol.swift */; };
		201F09711FD0BF9E005547A5 /* ModelParser.swift in Sources */ = {isa = PBXBuildFile; fileRef = 201F09701FD0BF9E005547A5 /* ModelParser.swift */; };
		201F09BB1FD1C700005547A5 /* CustomProperty.swift in Sources */ = {isa = PBXBuildFile; fileRef = 201F09BA1FD1C700005547A5 /* CustomProperty.swift */; };
		201F09BD1FD1C719005547A5 /* KeyedProperty.swift in Sources */ = {isa = PBXBuildFile; fileRef = 201F09BC1FD1C719005547A5 /* KeyedProperty.swift */; };
		204607951FFD64C00063A53E /* LineContentTests.swift in Sources */ = {isa = PBXBuildFile; fileRef = 204607941FFD64C00063A53E /* LineContentTests.swift */; };
		204607971FFD82D40063A53E /* ModelGeneratorProtocol.swift in Sources */ = {isa = PBXBuildFile; fileRef = 204607961FFD82D40063A53E /* ModelGeneratorProtocol.swift */; };
		204607981FFD82E40063A53E /* ModelGeneratorProtocol.swift in Sources */ = {isa = PBXBuildFile; fileRef = 204607961FFD82D40063A53E /* ModelGeneratorProtocol.swift */; };
		204607DE1FFD907D0063A53E /* ObjectiveCLanguageFormatter.swift in Sources */ = {isa = PBXBuildFile; fileRef = 204607DD1FFD907D0063A53E /* ObjectiveCLanguageFormatter.swift */; };
		204607DF1FFE7E7D0063A53E /* ObjectiveCLanguageFormatter.swift in Sources */ = {isa = PBXBuildFile; fileRef = 204607DD1FFD907D0063A53E /* ObjectiveCLanguageFormatter.swift */; };
		204607E31FFE93D30063A53E /* ObjectiveCHeaderLanguageFormatter.swift in Sources */ = {isa = PBXBuildFile; fileRef = 204607E21FFE93D30063A53E /* ObjectiveCHeaderLanguageFormatter.swift */; };
		204607E71FFEA6EB0063A53E /* ObjectiveCHeaderLanguageFormatter.swift in Sources */ = {isa = PBXBuildFile; fileRef = 204607E21FFE93D30063A53E /* ObjectiveCHeaderLanguageFormatter.swift */; };
		2059DA361FCCCBEE00B020C3 /* StringExtension.swift in Sources */ = {isa = PBXBuildFile; fileRef = 2059DA351FCCCBEE00B020C3 /* StringExtension.swift */; };
		2059DA391FCCCC0700B020C3 /* Type.swift in Sources */ = {isa = PBXBuildFile; fileRef = 2059DA381FCCCC0700B020C3 /* Type.swift */; };
		2059DA3C1FCCCC7900B020C3 /* JsonParser.swift in Sources */ = {isa = PBXBuildFile; fileRef = 2059DA3B1FCCCC7900B020C3 /* JsonParser.swift */; };
		2059DA3E1FCCCC9400B020C3 /* ModelGenerator.swift in Sources */ = {isa = PBXBuildFile; fileRef = 2059DA3D1FCCCC9400B020C3 /* ModelGenerator.swift */; };
		2059DA401FCCCE0600B020C3 /* ModelDataSource.swift in Sources */ = {isa = PBXBuildFile; fileRef = 2059DA3F1FCCCE0600B020C3 /* ModelDataSource.swift */; };
		2059DA451FCCD16800B020C3 /* NetworkError.swift in Sources */ = {isa = PBXBuildFile; fileRef = 2059DA441FCCD16800B020C3 /* NetworkError.swift */; };
		2059DA471FCCD17700B020C3 /* Data.swift in Sources */ = {isa = PBXBuildFile; fileRef = 2059DA461FCCD17700B020C3 /* Data.swift */; };
		205C80DA1FD069060094404D /* PriorityType.swift in Sources */ = {isa = PBXBuildFile; fileRef = 205C80D91FD069060094404D /* PriorityType.swift */; };
		205C80DC1FD071920094404D /* ArrayExtension.swift in Sources */ = {isa = PBXBuildFile; fileRef = 205C80DB1FD071920094404D /* ArrayExtension.swift */; };
		20625B6A1FFBEF4E00CBE47D /* AuthEndpoint.swift in Sources */ = {isa = PBXBuildFile; fileRef = 20625B691FFBEF4E00CBE47D /* AuthEndpoint.swift */; };
		20642B1E1FCDCF4900E3AA2F /* DateExtension.swift in Sources */ = {isa = PBXBuildFile; fileRef = 20642B1D1FCDCF4900E3AA2F /* DateExtension.swift */; };
		20642B211FCDFCA600E3AA2F /* LineContent.swift in Sources */ = {isa = PBXBuildFile; fileRef = 20642B201FCDFCA600E3AA2F /* LineContent.swift */; };
		20642B231FCDFCB500E3AA2F /* GeneratorDataSource.swift in Sources */ = {isa = PBXBuildFile; fileRef = 20642B221FCDFCB500E3AA2F /* GeneratorDataSource.swift */; };
		20642B261FCDFF2500E3AA2F /* SwiftLanguageFormatter.swift in Sources */ = {isa = PBXBuildFile; fileRef = 20642B251FCDFF2500E3AA2F /* SwiftLanguageFormatter.swift */; };
		20642B281FCE044300E3AA2F /* Endpoint.swift in Sources */ = {isa = PBXBuildFile; fileRef = 20642B271FCE044300E3AA2F /* Endpoint.swift */; };
		20642B2C1FCE18FB00E3AA2F /* Line.swift in Sources */ = {isa = PBXBuildFile; fileRef = 20642B2B1FCE18FB00E3AA2F /* Line.swift */; };
		2080B32620328C8400A41156 /* LocalJSONParser.swift in Sources */ = {isa = PBXBuildFile; fileRef = 2080B32520328C8400A41156 /* LocalJSONParser.swift */; };
		2080B32820328D3500A41156 /* FileRetriever.swift in Sources */ = {isa = PBXBuildFile; fileRef = 2080B32720328D3500A41156 /* FileRetriever.swift */; };
		2080B32920328F1500A41156 /* FileRetriever.swift in Sources */ = {isa = PBXBuildFile; fileRef = 2080B32720328D3500A41156 /* FileRetriever.swift */; };
		208E0ED21FCCA98500EB25EA /* main.swift in Sources */ = {isa = PBXBuildFile; fileRef = 208E0ED11FCCA98500EB25EA /* main.swift */; };
		208E0EDA1FCCA9BD00EB25EA /* NetworkRequester.swift in Sources */ = {isa = PBXBuildFile; fileRef = 208E0ED81FCCA9BD00EB25EA /* NetworkRequester.swift */; };
		208E0EDB1FCCA9BD00EB25EA /* ConfigurationParser.swift in Sources */ = {isa = PBXBuildFile; fileRef = 208E0ED91FCCA9BD00EB25EA /* ConfigurationParser.swift */; };
/* End PBXBuildFile section */

/* Begin PBXCopyFilesBuildPhase section */
		208E0ECC1FCCA98500EB25EA /* CopyFiles */ = {
			isa = PBXCopyFilesBuildPhase;
			buildActionMask = 2147483647;
			dstPath = /usr/share/man/man1/;
			dstSubfolderSpec = 0;
			files = (
			);
			runOnlyForDeploymentPostprocessing = 1;
		};
/* End PBXCopyFilesBuildPhase section */

/* Begin PBXFileReference section */
		2003E0781FFC336600878F8A /* ModelSynchroTests.xctest */ = {isa = PBXFileReference; explicitFileType = wrapper.cfbundle; includeInIndex = 0; path = ModelSynchroTests.xctest; sourceTree = BUILT_PRODUCTS_DIR; };
		2003E07C1FFC336700878F8A /* Info.plist */ = {isa = PBXFileReference; lastKnownFileType = text.plist.xml; path = Info.plist; sourceTree = "<group>"; };
		2003E0811FFC339E00878F8A /* ArrayExtensionTests.swift */ = {isa = PBXFileReference; lastKnownFileType = sourcecode.swift; path = ArrayExtensionTests.swift; sourceTree = "<group>"; };
		2003E0A61FFC397500878F8A /* ModelDataSourceTests.swift */ = {isa = PBXFileReference; lastKnownFileType = sourcecode.swift; path = ModelDataSourceTests.swift; sourceTree = "<group>"; };
		2003E0A91FFC3F9800878F8A /* PriorityTypeTests.swift */ = {isa = PBXFileReference; lastKnownFileType = sourcecode.swift; path = PriorityTypeTests.swift; sourceTree = "<group>"; };
		2003E0AB1FFC427C00878F8A /* TypeTests.swift */ = {isa = PBXFileReference; lastKnownFileType = sourcecode.swift; path = TypeTests.swift; sourceTree = "<group>"; };
		2003E0AF1FFD217400878F8A /* JsonParserTests.swift */ = {isa = PBXFileReference; lastKnownFileType = sourcecode.swift; path = JsonParserTests.swift; sourceTree = "<group>"; };
		2003E0B21FFD28FC00878F8A /* FakeModelDataSource.swift */ = {isa = PBXFileReference; lastKnownFileType = sourcecode.swift; path = FakeModelDataSource.swift; sourceTree = "<group>"; };
		2003E0B41FFD291C00878F8A /* FakeModelGenerator.swift */ = {isa = PBXFileReference; lastKnownFileType = sourcecode.swift; path = FakeModelGenerator.swift; sourceTree = "<group>"; };
		2003E0B71FFD323300878F8A /* ModelGeneratorTests.swift */ = {isa = PBXFileReference; lastKnownFileType = sourcecode.swift; path = ModelGeneratorTests.swift; sourceTree = "<group>"; };
		2003E0B91FFD3DCA00878F8A /* FakeGeneratorDataSource.swift */ = {isa = PBXFileReference; lastKnownFileType = sourcecode.swift; path = FakeGeneratorDataSource.swift; sourceTree = "<group>"; };
		2003E0BB1FFD426D00878F8A /* FakeLineContent.swift */ = {isa = PBXFileReference; lastKnownFileType = sourcecode.swift; path = FakeLineContent.swift; sourceTree = "<group>"; };
		2003E0BE1FFD43F700878F8A /* GeneratorDataSourceProtocol.swift */ = {isa = PBXFileReference; lastKnownFileType = sourcecode.swift; path = GeneratorDataSourceProtocol.swift; sourceTree = "<group>"; };
		2003E0C01FFD44AE00878F8A /* GeneratorDataSourceTests.swift */ = {isa = PBXFileReference; lastKnownFileType = sourcecode.swift; path = GeneratorDataSourceTests.swift; sourceTree = "<group>"; };
		201F09701FD0BF9E005547A5 /* ModelParser.swift */ = {isa = PBXFileReference; lastKnownFileType = sourcecode.swift; path = ModelParser.swift; sourceTree = "<group>"; };
		201F09BA1FD1C700005547A5 /* CustomProperty.swift */ = {isa = PBXFileReference; lastKnownFileType = sourcecode.swift; path = CustomProperty.swift; sourceTree = "<group>"; };
		201F09BC1FD1C719005547A5 /* KeyedProperty.swift */ = {isa = PBXFileReference; lastKnownFileType = sourcecode.swift; path = KeyedProperty.swift; sourceTree = "<group>"; };
		204607941FFD64C00063A53E /* LineContentTests.swift */ = {isa = PBXFileReference; lastKnownFileType = sourcecode.swift; path = LineContentTests.swift; sourceTree = "<group>"; };
		204607961FFD82D40063A53E /* ModelGeneratorProtocol.swift */ = {isa = PBXFileReference; lastKnownFileType = sourcecode.swift; path = ModelGeneratorProtocol.swift; sourceTree = "<group>"; };
		204607DD1FFD907D0063A53E /* ObjectiveCLanguageFormatter.swift */ = {isa = PBXFileReference; lastKnownFileType = sourcecode.swift; path = ObjectiveCLanguageFormatter.swift; sourceTree = "<group>"; };
		204607E21FFE93D30063A53E /* ObjectiveCHeaderLanguageFormatter.swift */ = {isa = PBXFileReference; lastKnownFileType = sourcecode.swift; path = ObjectiveCHeaderLanguageFormatter.swift; sourceTree = "<group>"; };
		2059DA351FCCCBEE00B020C3 /* StringExtension.swift */ = {isa = PBXFileReference; lastKnownFileType = sourcecode.swift; path = StringExtension.swift; sourceTree = "<group>"; };
		2059DA381FCCCC0700B020C3 /* Type.swift */ = {isa = PBXFileReference; lastKnownFileType = sourcecode.swift; path = Type.swift; sourceTree = "<group>"; };
		2059DA3B1FCCCC7900B020C3 /* JsonParser.swift */ = {isa = PBXFileReference; lastKnownFileType = sourcecode.swift; path = JsonParser.swift; sourceTree = "<group>"; };
		2059DA3D1FCCCC9400B020C3 /* ModelGenerator.swift */ = {isa = PBXFileReference; lastKnownFileType = sourcecode.swift; path = ModelGenerator.swift; sourceTree = "<group>"; };
		2059DA3F1FCCCE0600B020C3 /* ModelDataSource.swift */ = {isa = PBXFileReference; lastKnownFileType = sourcecode.swift; path = ModelDataSource.swift; sourceTree = "<group>"; };
		2059DA421FCCD15600B020C3 /* ConfigurationFile.swift */ = {isa = PBXFileReference; lastKnownFileType = sourcecode.swift; path = ConfigurationFile.swift; sourceTree = "<group>"; };
		2059DA441FCCD16800B020C3 /* NetworkError.swift */ = {isa = PBXFileReference; lastKnownFileType = sourcecode.swift; path = NetworkError.swift; sourceTree = "<group>"; };
		2059DA461FCCD17700B020C3 /* Data.swift */ = {isa = PBXFileReference; lastKnownFileType = sourcecode.swift; path = Data.swift; sourceTree = "<group>"; };
		205C80D91FD069060094404D /* PriorityType.swift */ = {isa = PBXFileReference; lastKnownFileType = sourcecode.swift; path = PriorityType.swift; sourceTree = "<group>"; };
		205C80DB1FD071920094404D /* ArrayExtension.swift */ = {isa = PBXFileReference; lastKnownFileType = sourcecode.swift; path = ArrayExtension.swift; sourceTree = "<group>"; };
		20625B691FFBEF4E00CBE47D /* AuthEndpoint.swift */ = {isa = PBXFileReference; lastKnownFileType = sourcecode.swift; path = AuthEndpoint.swift; sourceTree = "<group>"; };
		20642B1D1FCDCF4900E3AA2F /* DateExtension.swift */ = {isa = PBXFileReference; lastKnownFileType = sourcecode.swift; path = DateExtension.swift; sourceTree = "<group>"; };
		20642B201FCDFCA600E3AA2F /* LineContent.swift */ = {isa = PBXFileReference; lastKnownFileType = sourcecode.swift; path = LineContent.swift; sourceTree = "<group>"; };
		20642B221FCDFCB500E3AA2F /* GeneratorDataSource.swift */ = {isa = PBXFileReference; lastKnownFileType = sourcecode.swift; path = GeneratorDataSource.swift; sourceTree = "<group>"; };
		20642B251FCDFF2500E3AA2F /* SwiftLanguageFormatter.swift */ = {isa = PBXFileReference; lastKnownFileType = sourcecode.swift; path = SwiftLanguageFormatter.swift; sourceTree = "<group>"; };
		20642B271FCE044300E3AA2F /* Endpoint.swift */ = {isa = PBXFileReference; lastKnownFileType = sourcecode.swift; path = Endpoint.swift; sourceTree = "<group>"; };
		20642B291FCE099900E3AA2F /* LanguageFormatter.swift */ = {isa = PBXFileReference; lastKnownFileType = sourcecode.swift; path = LanguageFormatter.swift; sourceTree = "<group>"; };
		20642B2B1FCE18FB00E3AA2F /* Line.swift */ = {isa = PBXFileReference; lastKnownFileType = sourcecode.swift; path = Line.swift; sourceTree = "<group>"; };
		2080B32520328C8400A41156 /* LocalJSONParser.swift */ = {isa = PBXFileReference; lastKnownFileType = sourcecode.swift; path = LocalJSONParser.swift; sourceTree = "<group>"; };
		2080B32720328D3500A41156 /* FileRetriever.swift */ = {isa = PBXFileReference; lastKnownFileType = sourcecode.swift; path = FileRetriever.swift; sourceTree = "<group>"; };
		2080B32A2032902F00A41156 /* configuration.json */ = {isa = PBXFileReference; fileEncoding = 4; lastKnownFileType = text.json; path = configuration.json; sourceTree = "<group>"; };
		208E0ECE1FCCA98500EB25EA /* ModelSynchro */ = {isa = PBXFileReference; explicitFileType = "compiled.mach-o.executable"; includeInIndex = 0; path = ModelSynchro; sourceTree = BUILT_PRODUCTS_DIR; };
		208E0ED11FCCA98500EB25EA /* main.swift */ = {isa = PBXFileReference; lastKnownFileType = sourcecode.swift; path = main.swift; sourceTree = "<group>"; };
		208E0ED81FCCA9BD00EB25EA /* NetworkRequester.swift */ = {isa = PBXFileReference; fileEncoding = 4; lastKnownFileType = sourcecode.swift; path = NetworkRequester.swift; sourceTree = "<group>"; };
		208E0ED91FCCA9BD00EB25EA /* ConfigurationParser.swift */ = {isa = PBXFileReference; fileEncoding = 4; lastKnownFileType = sourcecode.swift; path = ConfigurationParser.swift; sourceTree = "<group>"; };
/* End PBXFileReference section */

/* Begin PBXFrameworksBuildPhase section */
		2003E0751FFC336600878F8A /* Frameworks */ = {
			isa = PBXFrameworksBuildPhase;
			buildActionMask = 2147483647;
			files = (
			);
			runOnlyForDeploymentPostprocessing = 0;
		};
		208E0ECB1FCCA98500EB25EA /* Frameworks */ = {
			isa = PBXFrameworksBuildPhase;
			buildActionMask = 2147483647;
			files = (
			);
			runOnlyForDeploymentPostprocessing = 0;
		};
/* End PBXFrameworksBuildPhase section */

/* Begin PBXGroup section */
		2003E0791FFC336700878F8A /* ModelSynchroTests */ = {
			isa = PBXGroup;
			children = (
				2003E0B11FFD28F000878F8A /* Mocks */,
				2003E0A81FFC3F7A00878F8A /* Enum */,
				2003E0A51FFC394600878F8A /* Network */,
				2003E0801FFC337900878F8A /* Extensions */,
				2003E07C1FFC336700878F8A /* Info.plist */,
			);
			path = ModelSynchroTests;
			sourceTree = "<group>";
		};
		2003E0801FFC337900878F8A /* Extensions */ = {
			isa = PBXGroup;
			children = (
				2003E0811FFC339E00878F8A /* ArrayExtensionTests.swift */,
			);
			path = Extensions;
			sourceTree = "<group>";
		};
		2003E0A51FFC394600878F8A /* Network */ = {
			isa = PBXGroup;
			children = (
				2003E0B61FFD322300878F8A /* ModelGenerator */,
				2003E0A61FFC397500878F8A /* ModelDataSourceTests.swift */,
				2003E0AF1FFD217400878F8A /* JsonParserTests.swift */,
			);
			path = Network;
			sourceTree = "<group>";
		};
		2003E0A81FFC3F7A00878F8A /* Enum */ = {
			isa = PBXGroup;
			children = (
				2003E0A91FFC3F9800878F8A /* PriorityTypeTests.swift */,
				2003E0AB1FFC427C00878F8A /* TypeTests.swift */,
			);
			path = Enum;
			sourceTree = "<group>";
		};
		2003E0B11FFD28F000878F8A /* Mocks */ = {
			isa = PBXGroup;
			children = (
				2003E0B21FFD28FC00878F8A /* FakeModelDataSource.swift */,
				2003E0B41FFD291C00878F8A /* FakeModelGenerator.swift */,
				2003E0B91FFD3DCA00878F8A /* FakeGeneratorDataSource.swift */,
				2003E0BB1FFD426D00878F8A /* FakeLineContent.swift */,
			);
			path = Mocks;
			sourceTree = "<group>";
		};
		2003E0B61FFD322300878F8A /* ModelGenerator */ = {
			isa = PBXGroup;
			children = (
				2003E0B71FFD323300878F8A /* ModelGeneratorTests.swift */,
				2003E0C01FFD44AE00878F8A /* GeneratorDataSourceTests.swift */,
				204607941FFD64C00063A53E /* LineContentTests.swift */,
			);
			path = ModelGenerator;
			sourceTree = "<group>";
		};
		2003E0BD1FFD43EB00878F8A /* Protocols */ = {
			isa = PBXGroup;
			children = (
				2003E0BE1FFD43F700878F8A /* GeneratorDataSourceProtocol.swift */,
				204607961FFD82D40063A53E /* ModelGeneratorProtocol.swift */,
			);
			path = Protocols;
			sourceTree = "<group>";
		};
		201F096F1FD0BF8F005547A5 /* Utility */ = {
			isa = PBXGroup;
			children = (
				201F09701FD0BF9E005547A5 /* ModelParser.swift */,
				2080B32520328C8400A41156 /* LocalJSONParser.swift */,
				2080B32720328D3500A41156 /* FileRetriever.swift */,
			);
			path = Utility;
			sourceTree = "<group>";
		};
		204607E41FFEA4200063A53E /* Objective-C */ = {
			isa = PBXGroup;
			children = (
				204607DD1FFD907D0063A53E /* ObjectiveCLanguageFormatter.swift */,
				204607E21FFE93D30063A53E /* ObjectiveCHeaderLanguageFormatter.swift */,
			);
			path = "Objective-C";
			sourceTree = "<group>";
		};
		204607E51FFEA42E0063A53E /* Protocols */ = {
			isa = PBXGroup;
			children = (
				20642B291FCE099900E3AA2F /* LanguageFormatter.swift */,
			);
			path = Protocols;
			sourceTree = "<group>";
		};
		204607E61FFEA4370063A53E /* Swift */ = {
			isa = PBXGroup;
			children = (
				20642B251FCDFF2500E3AA2F /* SwiftLanguageFormatter.swift */,
			);
			path = Swift;
			sourceTree = "<group>";
		};
		2059DA341FCCCBDF00B020C3 /* Extensions */ = {
			isa = PBXGroup;
			children = (
				2059DA351FCCCBEE00B020C3 /* StringExtension.swift */,
				2059DA461FCCD17700B020C3 /* Data.swift */,
				20642B1D1FCDCF4900E3AA2F /* DateExtension.swift */,
				205C80DB1FD071920094404D /* ArrayExtension.swift */,
			);
			path = Extensions;
			sourceTree = "<group>";
		};
		2059DA371FCCCC0100B020C3 /* Enum */ = {
			isa = PBXGroup;
			children = (
				2059DA381FCCCC0700B020C3 /* Type.swift */,
				2059DA441FCCD16800B020C3 /* NetworkError.swift */,
				205C80D91FD069060094404D /* PriorityType.swift */,
			);
			path = Enum;
			sourceTree = "<group>";
		};
		2059DA3A1FCCCC5E00B020C3 /* Network */ = {
			isa = PBXGroup;
			children = (
				208E0ED81FCCA9BD00EB25EA /* NetworkRequester.swift */,
				2059DA3B1FCCCC7900B020C3 /* JsonParser.swift */,
				2059DA3F1FCCCE0600B020C3 /* ModelDataSource.swift */,
				20642B1F1FCDFC9700E3AA2F /* ModelGenerator */,
			);
			path = Network;
			sourceTree = "<group>";
		};
		2059DA411FCCD14C00B020C3 /* Models */ = {
			isa = PBXGroup;
			children = (
				2059DA421FCCD15600B020C3 /* ConfigurationFile.swift */,
				20642B271FCE044300E3AA2F /* Endpoint.swift */,
				20642B2B1FCE18FB00E3AA2F /* Line.swift */,
				201F09BA1FD1C700005547A5 /* CustomProperty.swift */,
				201F09BC1FD1C719005547A5 /* KeyedProperty.swift */,
				20625B691FFBEF4E00CBE47D /* AuthEndpoint.swift */,
			);
			path = Models;
			sourceTree = "<group>";
		};
		20642B1F1FCDFC9700E3AA2F /* ModelGenerator */ = {
			isa = PBXGroup;
			children = (
				2003E0BD1FFD43EB00878F8A /* Protocols */,
				2059DA3D1FCCCC9400B020C3 /* ModelGenerator.swift */,
				20642B201FCDFCA600E3AA2F /* LineContent.swift */,
				20642B221FCDFCB500E3AA2F /* GeneratorDataSource.swift */,
			);
			path = ModelGenerator;
			sourceTree = "<group>";
		};
		20642B241FCDFF1800E3AA2F /* LanguageFormatter */ = {
			isa = PBXGroup;
			children = (
				204607E61FFEA4370063A53E /* Swift */,
				204607E51FFEA42E0063A53E /* Protocols */,
				204607E41FFEA4200063A53E /* Objective-C */,
			);
			path = LanguageFormatter;
			sourceTree = "<group>";
		};
		208E0EC51FCCA98500EB25EA = {
			isa = PBXGroup;
			children = (
				2080B32A2032902F00A41156 /* configuration.json */,
				208E0ED01FCCA98500EB25EA /* ModelSynchro */,
				2003E0791FFC336700878F8A /* ModelSynchroTests */,
				208E0ECF1FCCA98500EB25EA /* Products */,
			);
			sourceTree = "<group>";
		};
		208E0ECF1FCCA98500EB25EA /* Products */ = {
			isa = PBXGroup;
			children = (
				208E0ECE1FCCA98500EB25EA /* ModelSynchro */,
				2003E0781FFC336600878F8A /* ModelSynchroTests.xctest */,
			);
			name = Products;
			sourceTree = "<group>";
		};
		208E0ED01FCCA98500EB25EA /* ModelSynchro */ = {
			isa = PBXGroup;
			children = (
				201F096F1FD0BF8F005547A5 /* Utility */,
				20642B241FCDFF1800E3AA2F /* LanguageFormatter */,
				2059DA411FCCD14C00B020C3 /* Models */,
				2059DA3A1FCCCC5E00B020C3 /* Network */,
				2059DA371FCCCC0100B020C3 /* Enum */,
				2059DA341FCCCBDF00B020C3 /* Extensions */,
				208E0ED91FCCA9BD00EB25EA /* ConfigurationParser.swift */,
				208E0ED11FCCA98500EB25EA /* main.swift */,
			);
			path = ModelSynchro;
			sourceTree = "<group>";
		};
/* End PBXGroup section */

/* Begin PBXNativeTarget section */
		2003E0771FFC336600878F8A /* ModelSynchroTests */ = {
			isa = PBXNativeTarget;
			buildConfigurationList = 2003E07F1FFC336700878F8A /* Build configuration list for PBXNativeTarget "ModelSynchroTests" */;
			buildPhases = (
				2003E0741FFC336600878F8A /* Sources */,
				2003E0751FFC336600878F8A /* Frameworks */,
				2003E0761FFC336600878F8A /* Resources */,
			);
			buildRules = (
			);
			dependencies = (
			);
			name = ModelSynchroTests;
			productName = ModelSynchroTests;
			productReference = 2003E0781FFC336600878F8A /* ModelSynchroTests.xctest */;
			productType = "com.apple.product-type.bundle.unit-test";
		};
		208E0ECD1FCCA98500EB25EA /* ModelSynchro */ = {
			isa = PBXNativeTarget;
			buildConfigurationList = 208E0ED51FCCA98500EB25EA /* Build configuration list for PBXNativeTarget "ModelSynchro" */;
			buildPhases = (
				208E0ECA1FCCA98500EB25EA /* Sources */,
				208E0ECB1FCCA98500EB25EA /* Frameworks */,
				208E0ECC1FCCA98500EB25EA /* CopyFiles */,
			);
			buildRules = (
			);
			dependencies = (
			);
			name = ModelSynchro;
			productName = ModelSynchro;
			productReference = 208E0ECE1FCCA98500EB25EA /* ModelSynchro */;
			productType = "com.apple.product-type.tool";
		};
/* End PBXNativeTarget section */

/* Begin PBXProject section */
		208E0EC61FCCA98500EB25EA /* Project object */ = {
			isa = PBXProject;
			attributes = {
				LastSwiftUpdateCheck = 0910;
				LastUpgradeCheck = 0910;
				ORGANIZATIONNAME = "Jonathan Samudio";
				TargetAttributes = {
					2003E0771FFC336600878F8A = {
						CreatedOnToolsVersion = 9.1;
						ProvisioningStyle = Automatic;
					};
					208E0ECD1FCCA98500EB25EA = {
						CreatedOnToolsVersion = 9.1;
						ProvisioningStyle = Automatic;
					};
				};
			};
			buildConfigurationList = 208E0EC91FCCA98500EB25EA /* Build configuration list for PBXProject "ModelSynchro" */;
			compatibilityVersion = "Xcode 8.0";
			developmentRegion = en;
			hasScannedForEncodings = 0;
			knownRegions = (
				en,
			);
			mainGroup = 208E0EC51FCCA98500EB25EA;
			productRefGroup = 208E0ECF1FCCA98500EB25EA /* Products */;
			projectDirPath = "";
			projectRoot = "";
			targets = (
				208E0ECD1FCCA98500EB25EA /* ModelSynchro */,
				2003E0771FFC336600878F8A /* ModelSynchroTests */,
			);
		};
/* End PBXProject section */

/* Begin PBXResourcesBuildPhase section */
		2003E0761FFC336600878F8A /* Resources */ = {
			isa = PBXResourcesBuildPhase;
			buildActionMask = 2147483647;
			files = (
			);
			runOnlyForDeploymentPostprocessing = 0;
		};
/* End PBXResourcesBuildPhase section */

/* Begin PBXSourcesBuildPhase section */
		2003E0741FFC336600878F8A /* Sources */ = {
			isa = PBXSourcesBuildPhase;
			buildActionMask = 2147483647;
			files = (
				2003E0911FFC366A00878F8A /* ArrayExtension.swift in Sources */,
				2003E0BA1FFD3DCA00878F8A /* FakeGeneratorDataSource.swift in Sources */,
				2003E0A11FFC368200878F8A /* SwiftLanguageFormatter.swift in Sources */,
				204607951FFD64C00063A53E /* LineContentTests.swift in Sources */,
				2003E0971FFC367700878F8A /* ModelGenerator.swift in Sources */,
				2003E0AC1FFC427C00878F8A /* TypeTests.swift in Sources */,
				2003E09D1FFC367C00878F8A /* Line.swift in Sources */,
				2003E0941FFC366E00878F8A /* PriorityType.swift in Sources */,
				2003E0B01FFD217400878F8A /* JsonParserTests.swift in Sources */,
				2003E0951FFC367700878F8A /* NetworkRequester.swift in Sources */,
				2003E09E1FFC367C00878F8A /* CustomProperty.swift in Sources */,
				2003E0C21FFD45F600878F8A /* GeneratorDataSourceProtocol.swift in Sources */,
				204607DF1FFE7E7D0063A53E /* ObjectiveCLanguageFormatter.swift in Sources */,
				2003E0931FFC366E00878F8A /* NetworkError.swift in Sources */,
				2003E08E1FFC366A00878F8A /* StringExtension.swift in Sources */,
				2003E0A01FFC367C00878F8A /* AuthEndpoint.swift in Sources */,
				2003E0991FFC367700878F8A /* GeneratorDataSource.swift in Sources */,
				2003E0B81FFD323300878F8A /* ModelGeneratorTests.swift in Sources */,
				2003E0AA1FFC3F9800878F8A /* PriorityTypeTests.swift in Sources */,
				2003E0C11FFD44AE00878F8A /* GeneratorDataSourceTests.swift in Sources */,
				2003E0B51FFD291C00878F8A /* FakeModelGenerator.swift in Sources */,
				2003E0901FFC366A00878F8A /* DateExtension.swift in Sources */,
				2080B32920328F1500A41156 /* FileRetriever.swift in Sources */,
				2003E0A31FFC368500878F8A /* ModelParser.swift in Sources */,
				2003E0961FFC367700878F8A /* JsonParser.swift in Sources */,
				2003E09F1FFC367C00878F8A /* KeyedProperty.swift in Sources */,
				2003E0A71FFC397500878F8A /* ModelDataSourceTests.swift in Sources */,
				2003E09B1FFC367C00878F8A /* ConfigurationFile.swift in Sources */,
				2003E09C1FFC367C00878F8A /* Endpoint.swift in Sources */,
				2003E0A41FFC369100878F8A /* ConfigurationParser.swift in Sources */,
				2003E0BC1FFD426D00878F8A /* FakeLineContent.swift in Sources */,
				2003E08F1FFC366A00878F8A /* Data.swift in Sources */,
				2003E0821FFC339E00878F8A /* ArrayExtensionTests.swift in Sources */,
				2003E0B31FFD28FC00878F8A /* FakeModelDataSource.swift in Sources */,
				2003E0921FFC366E00878F8A /* Type.swift in Sources */,
				204607981FFD82E40063A53E /* ModelGeneratorProtocol.swift in Sources */,
				2003E09A1FFC367700878F8A /* ModelDataSource.swift in Sources */,
				2003E0A21FFC368200878F8A /* LanguageFormatter.swift in Sources */,
				204607E71FFEA6EB0063A53E /* ObjectiveCHeaderLanguageFormatter.swift in Sources */,
				2003E0981FFC367700878F8A /* LineContent.swift in Sources */,
			);
			runOnlyForDeploymentPostprocessing = 0;
		};
		208E0ECA1FCCA98500EB25EA /* Sources */ = {
			isa = PBXSourcesBuildPhase;
			buildActionMask = 2147483647;
			files = (
				20642B1E1FCDCF4900E3AA2F /* DateExtension.swift in Sources */,
				2059DA391FCCCC0700B020C3 /* Type.swift in Sources */,
				204607DE1FFD907D0063A53E /* ObjectiveCLanguageFormatter.swift in Sources */,
				20642B211FCDFCA600E3AA2F /* LineContent.swift in Sources */,
				20642B261FCDFF2500E3AA2F /* SwiftLanguageFormatter.swift in Sources */,
				2059DA361FCCCBEE00B020C3 /* StringExtension.swift in Sources */,
				201F09BD1FD1C719005547A5 /* KeyedProperty.swift in Sources */,
				20625B6A1FFBEF4E00CBE47D /* AuthEndpoint.swift in Sources */,
				204607971FFD82D40063A53E /* ModelGeneratorProtocol.swift in Sources */,
				204607E31FFE93D30063A53E /* ObjectiveCHeaderLanguageFormatter.swift in Sources */,
				2059DA3C1FCCCC7900B020C3 /* JsonParser.swift in Sources */,
				2059DA471FCCD17700B020C3 /* Data.swift in Sources */,
				2080B32820328D3500A41156 /* FileRetriever.swift in Sources */,
				208E0ED21FCCA98500EB25EA /* main.swift in Sources */,
				2003E0BF1FFD43F700878F8A /* GeneratorDataSourceProtocol.swift in Sources */,
				2059DA401FCCCE0600B020C3 /* ModelDataSource.swift in Sources */,
				20642B281FCE044300E3AA2F /* Endpoint.swift in Sources */,
				208E0EDA1FCCA9BD00EB25EA /* NetworkRequester.swift in Sources */,
				201F09BB1FD1C700005547A5 /* CustomProperty.swift in Sources */,
				20642B231FCDFCB500E3AA2F /* GeneratorDataSource.swift in Sources */,
				205C80DA1FD069060094404D /* PriorityType.swift in Sources */,
				205C80DC1FD071920094404D /* ArrayExtension.swift in Sources */,
				2080B32620328C8400A41156 /* LocalJSONParser.swift in Sources */,
				2059DA3E1FCCCC9400B020C3 /* ModelGenerator.swift in Sources */,
				2003E08C1FFC358E00878F8A /* ConfigurationFile.swift in Sources */,
				20642B2C1FCE18FB00E3AA2F /* Line.swift in Sources */,
				201F09711FD0BF9E005547A5 /* ModelParser.swift in Sources */,
				208E0EDB1FCCA9BD00EB25EA /* ConfigurationParser.swift in Sources */,
				2003E08B1FFC358B00878F8A /* LanguageFormatter.swift in Sources */,
				2059DA451FCCD16800B020C3 /* NetworkError.swift in Sources */,
			);
			runOnlyForDeploymentPostprocessing = 0;
		};
/* End PBXSourcesBuildPhase section */

/* Begin XCBuildConfiguration section */
		2003E07D1FFC336700878F8A /* Debug */ = {
			isa = XCBuildConfiguration;
			buildSettings = {
				CODE_SIGN_STYLE = Automatic;
				COMBINE_HIDPI_IMAGES = YES;
				DEVELOPMENT_TEAM = 5ZZ7W4SB26;
				INFOPLIST_FILE = ModelSynchroTests/Info.plist;
				LD_RUNPATH_SEARCH_PATHS = "$(inherited) @executable_path/../Frameworks @loader_path/../Frameworks";
				PRODUCT_BUNDLE_IDENTIFIER = com.prolificinteractive.ModelSynchroTests;
				PRODUCT_NAME = "$(TARGET_NAME)";
				SWIFT_VERSION = 4.0;
			};
			name = Debug;
		};
		2003E07E1FFC336700878F8A /* Release */ = {
			isa = XCBuildConfiguration;
			buildSettings = {
				CODE_SIGN_STYLE = Automatic;
				COMBINE_HIDPI_IMAGES = YES;
				DEVELOPMENT_TEAM = 5ZZ7W4SB26;
				INFOPLIST_FILE = ModelSynchroTests/Info.plist;
				LD_RUNPATH_SEARCH_PATHS = "$(inherited) @executable_path/../Frameworks @loader_path/../Frameworks";
				PRODUCT_BUNDLE_IDENTIFIER = com.prolificinteractive.ModelSynchroTests;
				PRODUCT_NAME = "$(TARGET_NAME)";
				SWIFT_VERSION = 4.0;
			};
			name = Release;
		};
		208E0ED31FCCA98500EB25EA /* Debug */ = {
			isa = XCBuildConfiguration;
			buildSettings = {
				ALWAYS_SEARCH_USER_PATHS = NO;
				CLANG_ANALYZER_NONNULL = YES;
				CLANG_ANALYZER_NUMBER_OBJECT_CONVERSION = YES_AGGRESSIVE;
				CLANG_CXX_LANGUAGE_STANDARD = "gnu++14";
				CLANG_CXX_LIBRARY = "libc++";
				CLANG_ENABLE_MODULES = YES;
				CLANG_ENABLE_OBJC_ARC = YES;
				CLANG_WARN_BLOCK_CAPTURE_AUTORELEASING = YES;
				CLANG_WARN_BOOL_CONVERSION = YES;
				CLANG_WARN_COMMA = YES;
				CLANG_WARN_CONSTANT_CONVERSION = YES;
				CLANG_WARN_DIRECT_OBJC_ISA_USAGE = YES_ERROR;
				CLANG_WARN_DOCUMENTATION_COMMENTS = YES;
				CLANG_WARN_EMPTY_BODY = YES;
				CLANG_WARN_ENUM_CONVERSION = YES;
				CLANG_WARN_INFINITE_RECURSION = YES;
				CLANG_WARN_INT_CONVERSION = YES;
				CLANG_WARN_NON_LITERAL_NULL_CONVERSION = YES;
				CLANG_WARN_OBJC_LITERAL_CONVERSION = YES;
				CLANG_WARN_OBJC_ROOT_CLASS = YES_ERROR;
				CLANG_WARN_RANGE_LOOP_ANALYSIS = YES;
				CLANG_WARN_STRICT_PROTOTYPES = YES;
				CLANG_WARN_SUSPICIOUS_MOVE = YES;
				CLANG_WARN_UNGUARDED_AVAILABILITY = YES_AGGRESSIVE;
				CLANG_WARN_UNREACHABLE_CODE = YES;
				CLANG_WARN__DUPLICATE_METHOD_MATCH = YES;
				CODE_SIGN_IDENTITY = "Mac Developer";
				COPY_PHASE_STRIP = NO;
				DEBUG_INFORMATION_FORMAT = dwarf;
				ENABLE_STRICT_OBJC_MSGSEND = YES;
				ENABLE_TESTABILITY = YES;
				GCC_C_LANGUAGE_STANDARD = gnu11;
				GCC_DYNAMIC_NO_PIC = NO;
				GCC_NO_COMMON_BLOCKS = YES;
				GCC_OPTIMIZATION_LEVEL = 0;
				GCC_PREPROCESSOR_DEFINITIONS = (
					"DEBUG=1",
					"$(inherited)",
				);
				GCC_WARN_64_TO_32_BIT_CONVERSION = YES;
				GCC_WARN_ABOUT_RETURN_TYPE = YES_ERROR;
				GCC_WARN_UNDECLARED_SELECTOR = YES;
				GCC_WARN_UNINITIALIZED_AUTOS = YES_AGGRESSIVE;
				GCC_WARN_UNUSED_FUNCTION = YES;
				GCC_WARN_UNUSED_VARIABLE = YES;
				MACOSX_DEPLOYMENT_TARGET = 10.13;
				MTL_ENABLE_DEBUG_INFO = YES;
				ONLY_ACTIVE_ARCH = YES;
				SDKROOT = macosx;
				SWIFT_ACTIVE_COMPILATION_CONDITIONS = DEBUG;
				SWIFT_OPTIMIZATION_LEVEL = "-Onone";
			};
			name = Debug;
		};
		208E0ED41FCCA98500EB25EA /* Release */ = {
			isa = XCBuildConfiguration;
			buildSettings = {
				ALWAYS_SEARCH_USER_PATHS = NO;
				CLANG_ANALYZER_NONNULL = YES;
				CLANG_ANALYZER_NUMBER_OBJECT_CONVERSION = YES_AGGRESSIVE;
				CLANG_CXX_LANGUAGE_STANDARD = "gnu++14";
				CLANG_CXX_LIBRARY = "libc++";
				CLANG_ENABLE_MODULES = YES;
				CLANG_ENABLE_OBJC_ARC = YES;
				CLANG_WARN_BLOCK_CAPTURE_AUTORELEASING = YES;
				CLANG_WARN_BOOL_CONVERSION = YES;
				CLANG_WARN_COMMA = YES;
				CLANG_WARN_CONSTANT_CONVERSION = YES;
				CLANG_WARN_DIRECT_OBJC_ISA_USAGE = YES_ERROR;
				CLANG_WARN_DOCUMENTATION_COMMENTS = YES;
				CLANG_WARN_EMPTY_BODY = YES;
				CLANG_WARN_ENUM_CONVERSION = YES;
				CLANG_WARN_INFINITE_RECURSION = YES;
				CLANG_WARN_INT_CONVERSION = YES;
				CLANG_WARN_NON_LITERAL_NULL_CONVERSION = YES;
				CLANG_WARN_OBJC_LITERAL_CONVERSION = YES;
				CLANG_WARN_OBJC_ROOT_CLASS = YES_ERROR;
				CLANG_WARN_RANGE_LOOP_ANALYSIS = YES;
				CLANG_WARN_STRICT_PROTOTYPES = YES;
				CLANG_WARN_SUSPICIOUS_MOVE = YES;
				CLANG_WARN_UNGUARDED_AVAILABILITY = YES_AGGRESSIVE;
				CLANG_WARN_UNREACHABLE_CODE = YES;
				CLANG_WARN__DUPLICATE_METHOD_MATCH = YES;
				CODE_SIGN_IDENTITY = "Mac Developer";
				COPY_PHASE_STRIP = NO;
				DEBUG_INFORMATION_FORMAT = "dwarf-with-dsym";
				ENABLE_NS_ASSERTIONS = NO;
				ENABLE_STRICT_OBJC_MSGSEND = YES;
				GCC_C_LANGUAGE_STANDARD = gnu11;
				GCC_NO_COMMON_BLOCKS = YES;
				GCC_WARN_64_TO_32_BIT_CONVERSION = YES;
				GCC_WARN_ABOUT_RETURN_TYPE = YES_ERROR;
				GCC_WARN_UNDECLARED_SELECTOR = YES;
				GCC_WARN_UNINITIALIZED_AUTOS = YES_AGGRESSIVE;
				GCC_WARN_UNUSED_FUNCTION = YES;
				GCC_WARN_UNUSED_VARIABLE = YES;
				MACOSX_DEPLOYMENT_TARGET = 10.13;
				MTL_ENABLE_DEBUG_INFO = NO;
				SDKROOT = macosx;
				SWIFT_OPTIMIZATION_LEVEL = "-Owholemodule";
			};
			name = Release;
		};
		208E0ED61FCCA98500EB25EA /* Debug */ = {
			isa = XCBuildConfiguration;
			buildSettings = {
				CODE_SIGN_STYLE = Automatic;
				DEVELOPMENT_TEAM = 5ZZ7W4SB26;
				PRODUCT_NAME = "$(TARGET_NAME)";
				SWIFT_VERSION = 4.0;
			};
			name = Debug;
		};
		208E0ED71FCCA98500EB25EA /* Release */ = {
			isa = XCBuildConfiguration;
			buildSettings = {
				CODE_SIGN_STYLE = Automatic;
				DEVELOPMENT_TEAM = 5ZZ7W4SB26;
				PRODUCT_NAME = "$(TARGET_NAME)";
				SWIFT_ACTIVE_COMPILATION_CONDITIONS = RELEASE;
				SWIFT_VERSION = 4.0;
			};
			name = Release;
		};
/* End XCBuildConfiguration section */

/* Begin XCConfigurationList section */
		2003E07F1FFC336700878F8A /* Build configuration list for PBXNativeTarget "ModelSynchroTests" */ = {
			isa = XCConfigurationList;
			buildConfigurations = (
				2003E07D1FFC336700878F8A /* Debug */,
				2003E07E1FFC336700878F8A /* Release */,
			);
			defaultConfigurationIsVisible = 0;
			defaultConfigurationName = Release;
		};
		208E0EC91FCCA98500EB25EA /* Build configuration list for PBXProject "ModelSynchro" */ = {
			isa = XCConfigurationList;
			buildConfigurations = (
				208E0ED31FCCA98500EB25EA /* Debug */,
				208E0ED41FCCA98500EB25EA /* Release */,
			);
			defaultConfigurationIsVisible = 0;
			defaultConfigurationName = Release;
		};
		208E0ED51FCCA98500EB25EA /* Build configuration list for PBXNativeTarget "ModelSynchro" */ = {
			isa = XCConfigurationList;
			buildConfigurations = (
				208E0ED61FCCA98500EB25EA /* Debug */,
				208E0ED71FCCA98500EB25EA /* Release */,
			);
			defaultConfigurationIsVisible = 0;
			defaultConfigurationName = Release;
		};
/* End XCConfigurationList section */
	};
	rootObject = 208E0EC61FCCA98500EB25EA /* Project object */;
}
