// !$*UTF8*$!
{
	archiveVersion = 1;
	classes = {
	};
	objectVersion = 48;
	objects = {

/* Begin PBXBuildFile section */
		2059DA361FCCCBEE00B020C3 /* StringExtension.swift in Sources */ = {isa = PBXBuildFile; fileRef = 2059DA351FCCCBEE00B020C3 /* StringExtension.swift */; };
		2059DA391FCCCC0700B020C3 /* Type.swift in Sources */ = {isa = PBXBuildFile; fileRef = 2059DA381FCCCC0700B020C3 /* Type.swift */; };
		2059DA3C1FCCCC7900B020C3 /* JsonParser.swift in Sources */ = {isa = PBXBuildFile; fileRef = 2059DA3B1FCCCC7900B020C3 /* JsonParser.swift */; };
		2059DA3E1FCCCC9400B020C3 /* ModelGenerator.swift in Sources */ = {isa = PBXBuildFile; fileRef = 2059DA3D1FCCCC9400B020C3 /* ModelGenerator.swift */; };
		2059DA401FCCCE0600B020C3 /* ModelDataSource.swift in Sources */ = {isa = PBXBuildFile; fileRef = 2059DA3F1FCCCE0600B020C3 /* ModelDataSource.swift */; };
		2059DA431FCCD15600B020C3 /* ConfigurationFile.swift in Sources */ = {isa = PBXBuildFile; fileRef = 2059DA421FCCD15600B020C3 /* ConfigurationFile.swift */; };
		2059DA451FCCD16800B020C3 /* NetworkError.swift in Sources */ = {isa = PBXBuildFile; fileRef = 2059DA441FCCD16800B020C3 /* NetworkError.swift */; };
		2059DA471FCCD17700B020C3 /* Data.swift in Sources */ = {isa = PBXBuildFile; fileRef = 2059DA461FCCD17700B020C3 /* Data.swift */; };
		20642B1E1FCDCF4900E3AA2F /* DateExtension.swift in Sources */ = {isa = PBXBuildFile; fileRef = 20642B1D1FCDCF4900E3AA2F /* DateExtension.swift */; };
		20642B211FCDFCA600E3AA2F /* LineContent.swift in Sources */ = {isa = PBXBuildFile; fileRef = 20642B201FCDFCA600E3AA2F /* LineContent.swift */; };
		20642B231FCDFCB500E3AA2F /* GeneratorDataSource.swift in Sources */ = {isa = PBXBuildFile; fileRef = 20642B221FCDFCB500E3AA2F /* GeneratorDataSource.swift */; };
		20642B261FCDFF2500E3AA2F /* SwiftLanguageFormatter.swift in Sources */ = {isa = PBXBuildFile; fileRef = 20642B251FCDFF2500E3AA2F /* SwiftLanguageFormatter.swift */; };
		20642B281FCE044300E3AA2F /* Endpoint.swift in Sources */ = {isa = PBXBuildFile; fileRef = 20642B271FCE044300E3AA2F /* Endpoint.swift */; };
		208E0ED21FCCA98500EB25EA /* main.swift in Sources */ = {isa = PBXBuildFile; fileRef = 208E0ED11FCCA98500EB25EA /* main.swift */; };
		208E0EDA1FCCA9BD00EB25EA /* NetworkRequester.swift in Sources */ = {isa = PBXBuildFile; fileRef = 208E0ED81FCCA9BD00EB25EA /* NetworkRequester.swift */; };
		208E0EDB1FCCA9BD00EB25EA /* ConfigurationParser.swift in Sources */ = {isa = PBXBuildFile; fileRef = 208E0ED91FCCA9BD00EB25EA /* ConfigurationParser.swift */; };
/* End PBXBuildFile section */

/* Begin PBXCopyFilesBuildPhase section */
		208E0ECC1FCCA98500EB25EA /* CopyFiles */ = {
			isa = PBXCopyFilesBuildPhase;
			buildActionMask = 2147483647;
			dstPath = /usr/share/man/man1/;
			dstSubfolderSpec = 0;
			files = (
			);
			runOnlyForDeploymentPostprocessing = 1;
		};
/* End PBXCopyFilesBuildPhase section */

/* Begin PBXFileReference section */
		2059DA351FCCCBEE00B020C3 /* StringExtension.swift */ = {isa = PBXFileReference; lastKnownFileType = sourcecode.swift; path = StringExtension.swift; sourceTree = "<group>"; };
		2059DA381FCCCC0700B020C3 /* Type.swift */ = {isa = PBXFileReference; lastKnownFileType = sourcecode.swift; path = Type.swift; sourceTree = "<group>"; };
		2059DA3B1FCCCC7900B020C3 /* JsonParser.swift */ = {isa = PBXFileReference; lastKnownFileType = sourcecode.swift; path = JsonParser.swift; sourceTree = "<group>"; };
		2059DA3D1FCCCC9400B020C3 /* ModelGenerator.swift */ = {isa = PBXFileReference; lastKnownFileType = sourcecode.swift; path = ModelGenerator.swift; sourceTree = "<group>"; };
		2059DA3F1FCCCE0600B020C3 /* ModelDataSource.swift */ = {isa = PBXFileReference; lastKnownFileType = sourcecode.swift; path = ModelDataSource.swift; sourceTree = "<group>"; };
		2059DA421FCCD15600B020C3 /* ConfigurationFile.swift */ = {isa = PBXFileReference; lastKnownFileType = sourcecode.swift; path = ConfigurationFile.swift; sourceTree = "<group>"; };
		2059DA441FCCD16800B020C3 /* NetworkError.swift */ = {isa = PBXFileReference; lastKnownFileType = sourcecode.swift; path = NetworkError.swift; sourceTree = "<group>"; };
		2059DA461FCCD17700B020C3 /* Data.swift */ = {isa = PBXFileReference; lastKnownFileType = sourcecode.swift; path = Data.swift; sourceTree = "<group>"; };
		20642B1D1FCDCF4900E3AA2F /* DateExtension.swift */ = {isa = PBXFileReference; lastKnownFileType = sourcecode.swift; path = DateExtension.swift; sourceTree = "<group>"; };
		20642B201FCDFCA600E3AA2F /* LineContent.swift */ = {isa = PBXFileReference; lastKnownFileType = sourcecode.swift; path = LineContent.swift; sourceTree = "<group>"; };
		20642B221FCDFCB500E3AA2F /* GeneratorDataSource.swift */ = {isa = PBXFileReference; lastKnownFileType = sourcecode.swift; path = GeneratorDataSource.swift; sourceTree = "<group>"; };
		20642B251FCDFF2500E3AA2F /* SwiftLanguageFormatter.swift */ = {isa = PBXFileReference; lastKnownFileType = sourcecode.swift; path = SwiftLanguageFormatter.swift; sourceTree = "<group>"; };
		20642B271FCE044300E3AA2F /* Endpoint.swift */ = {isa = PBXFileReference; lastKnownFileType = sourcecode.swift; path = Endpoint.swift; sourceTree = "<group>"; };
		208E0ECE1FCCA98500EB25EA /* ModelSynchro */ = {isa = PBXFileReference; explicitFileType = "compiled.mach-o.executable"; includeInIndex = 0; path = ModelSynchro; sourceTree = BUILT_PRODUCTS_DIR; };
		208E0ED11FCCA98500EB25EA /* main.swift */ = {isa = PBXFileReference; lastKnownFileType = sourcecode.swift; path = main.swift; sourceTree = "<group>"; };
		208E0ED81FCCA9BD00EB25EA /* NetworkRequester.swift */ = {isa = PBXFileReference; fileEncoding = 4; lastKnownFileType = sourcecode.swift; path = NetworkRequester.swift; sourceTree = "<group>"; };
		208E0ED91FCCA9BD00EB25EA /* ConfigurationParser.swift */ = {isa = PBXFileReference; fileEncoding = 4; lastKnownFileType = sourcecode.swift; path = ConfigurationParser.swift; sourceTree = "<group>"; };
/* End PBXFileReference section */

/* Begin PBXFrameworksBuildPhase section */
		208E0ECB1FCCA98500EB25EA /* Frameworks */ = {
			isa = PBXFrameworksBuildPhase;
			buildActionMask = 2147483647;
			files = (
			);
			runOnlyForDeploymentPostprocessing = 0;
		};
/* End PBXFrameworksBuildPhase section */

/* Begin PBXGroup section */
		2059DA341FCCCBDF00B020C3 /* Extensions */ = {
			isa = PBXGroup;
			children = (
				2059DA351FCCCBEE00B020C3 /* StringExtension.swift */,
				2059DA461FCCD17700B020C3 /* Data.swift */,
				20642B1D1FCDCF4900E3AA2F /* DateExtension.swift */,
			);
			path = Extensions;
			sourceTree = "<group>";
		};
		2059DA371FCCCC0100B020C3 /* Enum */ = {
			isa = PBXGroup;
			children = (
				2059DA381FCCCC0700B020C3 /* Type.swift */,
				2059DA441FCCD16800B020C3 /* NetworkError.swift */,
			);
			path = Enum;
			sourceTree = "<group>";
		};
		2059DA3A1FCCCC5E00B020C3 /* Network */ = {
			isa = PBXGroup;
			children = (
				208E0ED81FCCA9BD00EB25EA /* NetworkRequester.swift */,
				2059DA3B1FCCCC7900B020C3 /* JsonParser.swift */,
				20642B1F1FCDFC9700E3AA2F /* ModelGenerator */,
				2059DA3F1FCCCE0600B020C3 /* ModelDataSource.swift */,
			);
			path = Network;
			sourceTree = "<group>";
		};
		2059DA411FCCD14C00B020C3 /* Models */ = {
			isa = PBXGroup;
			children = (
				2059DA421FCCD15600B020C3 /* ConfigurationFile.swift */,
				20642B271FCE044300E3AA2F /* Endpoint.swift */,
			);
			path = Models;
			sourceTree = "<group>";
		};
		20642B1F1FCDFC9700E3AA2F /* ModelGenerator */ = {
			isa = PBXGroup;
			children = (
				2059DA3D1FCCCC9400B020C3 /* ModelGenerator.swift */,
				20642B201FCDFCA600E3AA2F /* LineContent.swift */,
				20642B221FCDFCB500E3AA2F /* GeneratorDataSource.swift */,
			);
			path = ModelGenerator;
			sourceTree = "<group>";
		};
		20642B241FCDFF1800E3AA2F /* LanguageFormatter */ = {
			isa = PBXGroup;
			children = (
				20642B251FCDFF2500E3AA2F /* SwiftLanguageFormatter.swift */,
			);
			path = LanguageFormatter;
			sourceTree = "<group>";
		};
		208E0EC51FCCA98500EB25EA = {
			isa = PBXGroup;
			children = (
				208E0ED01FCCA98500EB25EA /* ModelSynchro */,
				208E0ECF1FCCA98500EB25EA /* Products */,
			);
			sourceTree = "<group>";
		};
		208E0ECF1FCCA98500EB25EA /* Products */ = {
			isa = PBXGroup;
			children = (
				208E0ECE1FCCA98500EB25EA /* ModelSynchro */,
			);
			name = Products;
			sourceTree = "<group>";
		};
		208E0ED01FCCA98500EB25EA /* ModelSynchro */ = {
			isa = PBXGroup;
			children = (
				20642B241FCDFF1800E3AA2F /* LanguageFormatter */,
				2059DA411FCCD14C00B020C3 /* Models */,
				2059DA3A1FCCCC5E00B020C3 /* Network */,
				2059DA371FCCCC0100B020C3 /* Enum */,
				2059DA341FCCCBDF00B020C3 /* Extensions */,
				208E0ED91FCCA9BD00EB25EA /* ConfigurationParser.swift */,
				208E0ED11FCCA98500EB25EA /* main.swift */,
			);
			path = ModelSynchro;
			sourceTree = "<group>";
		};
/* End PBXGroup section */

/* Begin PBXNativeTarget section */
		208E0ECD1FCCA98500EB25EA /* ModelSynchro */ = {
			isa = PBXNativeTarget;
			buildConfigurationList = 208E0ED51FCCA98500EB25EA /* Build configuration list for PBXNativeTarget "ModelSynchro" */;
			buildPhases = (
				208E0ECA1FCCA98500EB25EA /* Sources */,
				208E0ECB1FCCA98500EB25EA /* Frameworks */,
				208E0ECC1FCCA98500EB25EA /* CopyFiles */,
			);
			buildRules = (
			);
			dependencies = (
			);
			name = ModelSynchro;
			productName = ModelSynchro;
			productReference = 208E0ECE1FCCA98500EB25EA /* ModelSynchro */;
			productType = "com.apple.product-type.tool";
		};
/* End PBXNativeTarget section */

/* Begin PBXProject section */
		208E0EC61FCCA98500EB25EA /* Project object */ = {
			isa = PBXProject;
			attributes = {
				LastSwiftUpdateCheck = 0910;
				LastUpgradeCheck = 0910;
				ORGANIZATIONNAME = "Jonathan Samudio";
				TargetAttributes = {
					208E0ECD1FCCA98500EB25EA = {
						CreatedOnToolsVersion = 9.1;
						ProvisioningStyle = Automatic;
					};
				};
			};
			buildConfigurationList = 208E0EC91FCCA98500EB25EA /* Build configuration list for PBXProject "ModelSynchro" */;
			compatibilityVersion = "Xcode 8.0";
			developmentRegion = en;
			hasScannedForEncodings = 0;
			knownRegions = (
				en,
			);
			mainGroup = 208E0EC51FCCA98500EB25EA;
			productRefGroup = 208E0ECF1FCCA98500EB25EA /* Products */;
			projectDirPath = "";
			projectRoot = "";
			targets = (
				208E0ECD1FCCA98500EB25EA /* ModelSynchro */,
			);
		};
/* End PBXProject section */

/* Begin PBXSourcesBuildPhase section */
		208E0ECA1FCCA98500EB25EA /* Sources */ = {
			isa = PBXSourcesBuildPhase;
			buildActionMask = 2147483647;
			files = (
				2059DA431FCCD15600B020C3 /* ConfigurationFile.swift in Sources */,
				20642B1E1FCDCF4900E3AA2F /* DateExtension.swift in Sources */,
				2059DA391FCCCC0700B020C3 /* Type.swift in Sources */,
				20642B211FCDFCA600E3AA2F /* LineContent.swift in Sources */,
				20642B261FCDFF2500E3AA2F /* SwiftLanguageFormatter.swift in Sources */,
				2059DA361FCCCBEE00B020C3 /* StringExtension.swift in Sources */,
				2059DA3C1FCCCC7900B020C3 /* JsonParser.swift in Sources */,
				2059DA471FCCD17700B020C3 /* Data.swift in Sources */,
				208E0ED21FCCA98500EB25EA /* main.swift in Sources */,
				2059DA401FCCCE0600B020C3 /* ModelDataSource.swift in Sources */,
				20642B281FCE044300E3AA2F /* Endpoint.swift in Sources */,
				208E0EDA1FCCA9BD00EB25EA /* NetworkRequester.swift in Sources */,
				20642B231FCDFCB500E3AA2F /* GeneratorDataSource.swift in Sources */,
				2059DA3E1FCCCC9400B020C3 /* ModelGenerator.swift in Sources */,
				208E0EDB1FCCA9BD00EB25EA /* ConfigurationParser.swift in Sources */,
				2059DA451FCCD16800B020C3 /* NetworkError.swift in Sources */,
			);
			runOnlyForDeploymentPostprocessing = 0;
		};
/* End PBXSourcesBuildPhase section */

/* Begin XCBuildConfiguration section */
		208E0ED31FCCA98500EB25EA /* Debug */ = {
			isa = XCBuildConfiguration;
			buildSettings = {
				ALWAYS_SEARCH_USER_PATHS = NO;
				CLANG_ANALYZER_NONNULL = YES;
				CLANG_ANALYZER_NUMBER_OBJECT_CONVERSION = YES_AGGRESSIVE;
				CLANG_CXX_LANGUAGE_STANDARD = "gnu++14";
				CLANG_CXX_LIBRARY = "libc++";
				CLANG_ENABLE_MODULES = YES;
				CLANG_ENABLE_OBJC_ARC = YES;
				CLANG_WARN_BLOCK_CAPTURE_AUTORELEASING = YES;
				CLANG_WARN_BOOL_CONVERSION = YES;
				CLANG_WARN_COMMA = YES;
				CLANG_WARN_CONSTANT_CONVERSION = YES;
				CLANG_WARN_DIRECT_OBJC_ISA_USAGE = YES_ERROR;
				CLANG_WARN_DOCUMENTATION_COMMENTS = YES;
				CLANG_WARN_EMPTY_BODY = YES;
				CLANG_WARN_ENUM_CONVERSION = YES;
				CLANG_WARN_INFINITE_RECURSION = YES;
				CLANG_WARN_INT_CONVERSION = YES;
				CLANG_WARN_NON_LITERAL_NULL_CONVERSION = YES;
				CLANG_WARN_OBJC_LITERAL_CONVERSION = YES;
				CLANG_WARN_OBJC_ROOT_CLASS = YES_ERROR;
				CLANG_WARN_RANGE_LOOP_ANALYSIS = YES;
				CLANG_WARN_STRICT_PROTOTYPES = YES;
				CLANG_WARN_SUSPICIOUS_MOVE = YES;
				CLANG_WARN_UNGUARDED_AVAILABILITY = YES_AGGRESSIVE;
				CLANG_WARN_UNREACHABLE_CODE = YES;
				CLANG_WARN__DUPLICATE_METHOD_MATCH = YES;
				CODE_SIGN_IDENTITY = "Mac Developer";
				COPY_PHASE_STRIP = NO;
				DEBUG_INFORMATION_FORMAT = dwarf;
				ENABLE_STRICT_OBJC_MSGSEND = YES;
				ENABLE_TESTABILITY = YES;
				GCC_C_LANGUAGE_STANDARD = gnu11;
				GCC_DYNAMIC_NO_PIC = NO;
				GCC_NO_COMMON_BLOCKS = YES;
				GCC_OPTIMIZATION_LEVEL = 0;
				GCC_PREPROCESSOR_DEFINITIONS = (
					"DEBUG=1",
					"$(inherited)",
				);
				GCC_WARN_64_TO_32_BIT_CONVERSION = YES;
				GCC_WARN_ABOUT_RETURN_TYPE = YES_ERROR;
				GCC_WARN_UNDECLARED_SELECTOR = YES;
				GCC_WARN_UNINITIALIZED_AUTOS = YES_AGGRESSIVE;
				GCC_WARN_UNUSED_FUNCTION = YES;
				GCC_WARN_UNUSED_VARIABLE = YES;
				MACOSX_DEPLOYMENT_TARGET = 10.13;
				MTL_ENABLE_DEBUG_INFO = YES;
				ONLY_ACTIVE_ARCH = YES;
				SDKROOT = macosx;
				SWIFT_ACTIVE_COMPILATION_CONDITIONS = DEBUG;
				SWIFT_OPTIMIZATION_LEVEL = "-Onone";
			};
			name = Debug;
		};
		208E0ED41FCCA98500EB25EA /* Release */ = {
			isa = XCBuildConfiguration;
			buildSettings = {
				ALWAYS_SEARCH_USER_PATHS = NO;
				CLANG_ANALYZER_NONNULL = YES;
				CLANG_ANALYZER_NUMBER_OBJECT_CONVERSION = YES_AGGRESSIVE;
				CLANG_CXX_LANGUAGE_STANDARD = "gnu++14";
				CLANG_CXX_LIBRARY = "libc++";
				CLANG_ENABLE_MODULES = YES;
				CLANG_ENABLE_OBJC_ARC = YES;
				CLANG_WARN_BLOCK_CAPTURE_AUTORELEASING = YES;
				CLANG_WARN_BOOL_CONVERSION = YES;
				CLANG_WARN_COMMA = YES;
				CLANG_WARN_CONSTANT_CONVERSION = YES;
				CLANG_WARN_DIRECT_OBJC_ISA_USAGE = YES_ERROR;
				CLANG_WARN_DOCUMENTATION_COMMENTS = YES;
				CLANG_WARN_EMPTY_BODY = YES;
				CLANG_WARN_ENUM_CONVERSION = YES;
				CLANG_WARN_INFINITE_RECURSION = YES;
				CLANG_WARN_INT_CONVERSION = YES;
				CLANG_WARN_NON_LITERAL_NULL_CONVERSION = YES;
				CLANG_WARN_OBJC_LITERAL_CONVERSION = YES;
				CLANG_WARN_OBJC_ROOT_CLASS = YES_ERROR;
				CLANG_WARN_RANGE_LOOP_ANALYSIS = YES;
				CLANG_WARN_STRICT_PROTOTYPES = YES;
				CLANG_WARN_SUSPICIOUS_MOVE = YES;
				CLANG_WARN_UNGUARDED_AVAILABILITY = YES_AGGRESSIVE;
				CLANG_WARN_UNREACHABLE_CODE = YES;
				CLANG_WARN__DUPLICATE_METHOD_MATCH = YES;
				CODE_SIGN_IDENTITY = "Mac Developer";
				COPY_PHASE_STRIP = NO;
				DEBUG_INFORMATION_FORMAT = "dwarf-with-dsym";
				ENABLE_NS_ASSERTIONS = NO;
				ENABLE_STRICT_OBJC_MSGSEND = YES;
				GCC_C_LANGUAGE_STANDARD = gnu11;
				GCC_NO_COMMON_BLOCKS = YES;
				GCC_WARN_64_TO_32_BIT_CONVERSION = YES;
				GCC_WARN_ABOUT_RETURN_TYPE = YES_ERROR;
				GCC_WARN_UNDECLARED_SELECTOR = YES;
				GCC_WARN_UNINITIALIZED_AUTOS = YES_AGGRESSIVE;
				GCC_WARN_UNUSED_FUNCTION = YES;
				GCC_WARN_UNUSED_VARIABLE = YES;
				MACOSX_DEPLOYMENT_TARGET = 10.13;
				MTL_ENABLE_DEBUG_INFO = NO;
				SDKROOT = macosx;
				SWIFT_OPTIMIZATION_LEVEL = "-Owholemodule";
			};
			name = Release;
		};
		208E0ED61FCCA98500EB25EA /* Debug */ = {
			isa = XCBuildConfiguration;
			buildSettings = {
				CODE_SIGN_STYLE = Automatic;
				DEVELOPMENT_TEAM = 5ZZ7W4SB26;
				PRODUCT_NAME = "$(TARGET_NAME)";
				SWIFT_VERSION = 4.0;
			};
			name = Debug;
		};
		208E0ED71FCCA98500EB25EA /* Release */ = {
			isa = XCBuildConfiguration;
			buildSettings = {
				CODE_SIGN_STYLE = Automatic;
				DEVELOPMENT_TEAM = 5ZZ7W4SB26;
				PRODUCT_NAME = "$(TARGET_NAME)";
				SWIFT_ACTIVE_COMPILATION_CONDITIONS = RELEASE;
				SWIFT_VERSION = 4.0;
			};
			name = Release;
		};
/* End XCBuildConfiguration section */

/* Begin XCConfigurationList section */
		208E0EC91FCCA98500EB25EA /* Build configuration list for PBXProject "ModelSynchro" */ = {
			isa = XCConfigurationList;
			buildConfigurations = (
				208E0ED31FCCA98500EB25EA /* Debug */,
				208E0ED41FCCA98500EB25EA /* Release */,
			);
			defaultConfigurationIsVisible = 0;
			defaultConfigurationName = Release;
		};
		208E0ED51FCCA98500EB25EA /* Build configuration list for PBXNativeTarget "ModelSynchro" */ = {
			isa = XCConfigurationList;
			buildConfigurations = (
				208E0ED61FCCA98500EB25EA /* Debug */,
				208E0ED71FCCA98500EB25EA /* Release */,
			);
			defaultConfigurationIsVisible = 0;
			defaultConfigurationName = Release;
		};
/* End XCConfigurationList section */
	};
	rootObject = 208E0EC61FCCA98500EB25EA /* Project object */;
}
