// !$*UTF8*$!
{
	archiveVersion = 1;
	classes = {
	};
	objectVersion = 46;
	objects = {

/* Begin PBXAggregateTarget section */
		"ModelSynchro::ModelSynchroPackageTests::ProductTarget" /* ModelSynchroPackageTests */ = {
			isa = PBXAggregateTarget;
			buildConfigurationList = OBJ_176 /* Build configuration list for PBXAggregateTarget "ModelSynchroPackageTests" */;
			buildPhases = (
			);
			dependencies = (
				OBJ_179 /* PBXTargetDependency */,
			);
			name = ModelSynchroPackageTests;
			productName = ModelSynchroPackageTests;
		};
/* End PBXAggregateTarget section */

/* Begin PBXBuildFile section */
		20A52FE021FD50E7001BEB99 /* ConfigurationParser.swift in Sources */ = {isa = PBXBuildFile; fileRef = OBJ_9 /* ConfigurationParser.swift */; };
		20A52FE121FD50E7001BEB99 /* HTTPMethod.swift in Sources */ = {isa = PBXBuildFile; fileRef = OBJ_11 /* HTTPMethod.swift */; };
		20A52FE221FD50E7001BEB99 /* Language.swift in Sources */ = {isa = PBXBuildFile; fileRef = OBJ_12 /* Language.swift */; };
		20A52FE321FD50E7001BEB99 /* NetworkError.swift in Sources */ = {isa = PBXBuildFile; fileRef = OBJ_13 /* NetworkError.swift */; };
		20A52FE421FD50E7001BEB99 /* PriorityType.swift in Sources */ = {isa = PBXBuildFile; fileRef = OBJ_14 /* PriorityType.swift */; };
		20A52FE521FD50E7001BEB99 /* Type.swift in Sources */ = {isa = PBXBuildFile; fileRef = OBJ_15 /* Type.swift */; };
		20A52FE621FD50E7001BEB99 /* ArrayExtension.swift in Sources */ = {isa = PBXBuildFile; fileRef = OBJ_17 /* ArrayExtension.swift */; };
		20A52FE721FD50E7001BEB99 /* Data.swift in Sources */ = {isa = PBXBuildFile; fileRef = OBJ_18 /* Data.swift */; };
		20A52FE821FD50E7001BEB99 /* DateExtension.swift in Sources */ = {isa = PBXBuildFile; fileRef = OBJ_19 /* DateExtension.swift */; };
		20A52FE921FD50E7001BEB99 /* StringExtension.swift in Sources */ = {isa = PBXBuildFile; fileRef = OBJ_20 /* StringExtension.swift */; };
		20A52FEA21FD50FE001BEB99 /* KotlinLanguageFormatter.swift in Sources */ = {isa = PBXBuildFile; fileRef = OBJ_23 /* KotlinLanguageFormatter.swift */; };
		20A52FEB21FD50FE001BEB99 /* ObjectiveCHeaderLanguageFormatter.swift in Sources */ = {isa = PBXBuildFile; fileRef = OBJ_25 /* ObjectiveCHeaderLanguageFormatter.swift */; };
		20A52FEC21FD50FE001BEB99 /* ObjectiveCLanguageFormatter.swift in Sources */ = {isa = PBXBuildFile; fileRef = OBJ_26 /* ObjectiveCLanguageFormatter.swift */; };
		20A52FED21FD50FE001BEB99 /* LanguageFormatter.swift in Sources */ = {isa = PBXBuildFile; fileRef = OBJ_28 /* LanguageFormatter.swift */; };
		20A52FEE21FD50FE001BEB99 /* SwiftLanguageFormatter.swift in Sources */ = {isa = PBXBuildFile; fileRef = OBJ_30 /* SwiftLanguageFormatter.swift */; };
		20A52FEF21FD50FE001BEB99 /* AuthEndpoint.swift in Sources */ = {isa = PBXBuildFile; fileRef = OBJ_32 /* AuthEndpoint.swift */; };
		20A52FF021FD50FE001BEB99 /* ConfigurationFile.swift in Sources */ = {isa = PBXBuildFile; fileRef = OBJ_33 /* ConfigurationFile.swift */; };
		20A52FF121FD50FE001BEB99 /* CustomProperty.swift in Sources */ = {isa = PBXBuildFile; fileRef = OBJ_34 /* CustomProperty.swift */; };
		20A52FF221FD50FE001BEB99 /* DirectoryData.swift in Sources */ = {isa = PBXBuildFile; fileRef = OBJ_35 /* DirectoryData.swift */; };
		20A52FF321FD50FE001BEB99 /* Endpoint.swift in Sources */ = {isa = PBXBuildFile; fileRef = OBJ_36 /* Endpoint.swift */; };
		20A52FF421FD50FE001BEB99 /* KeyedProperty.swift in Sources */ = {isa = PBXBuildFile; fileRef = OBJ_37 /* KeyedProperty.swift */; };
		20A52FF521FD50FE001BEB99 /* Line.swift in Sources */ = {isa = PBXBuildFile; fileRef = OBJ_38 /* Line.swift */; };
		20A52FF621FD50FE001BEB99 /* MappedModelInfo.swift in Sources */ = {isa = PBXBuildFile; fileRef = OBJ_39 /* MappedModelInfo.swift */; };
		20A52FF721FD50FE001BEB99 /* ModelContent.swift in Sources */ = {isa = PBXBuildFile; fileRef = OBJ_40 /* ModelContent.swift */; };
		20A52FF821FD50FE001BEB99 /* ServerAPIInfo.swift in Sources */ = {isa = PBXBuildFile; fileRef = OBJ_41 /* ServerAPIInfo.swift */; };
		20A52FFD21FD510B001BEB99 /* JsonParser.swift in Sources */ = {isa = PBXBuildFile; fileRef = OBJ_43 /* JsonParser.swift */; };
		20A52FFE21FD510B001BEB99 /* ModelDataSource.swift in Sources */ = {isa = PBXBuildFile; fileRef = OBJ_44 /* ModelDataSource.swift */; };
		20A52FFF21FD510B001BEB99 /* GeneratorDataSource.swift in Sources */ = {isa = PBXBuildFile; fileRef = OBJ_46 /* GeneratorDataSource.swift */; };
		20A5300021FD510B001BEB99 /* LineContent.swift in Sources */ = {isa = PBXBuildFile; fileRef = OBJ_47 /* LineContent.swift */; };
		20A5300121FD510B001BEB99 /* ModelGenerator.swift in Sources */ = {isa = PBXBuildFile; fileRef = OBJ_48 /* ModelGenerator.swift */; };
		20A5300221FD510F001BEB99 /* GeneratorDataSourceProtocol.swift in Sources */ = {isa = PBXBuildFile; fileRef = OBJ_50 /* GeneratorDataSourceProtocol.swift */; };
		20A5300321FD510F001BEB99 /* ModelGeneratorProtocol.swift in Sources */ = {isa = PBXBuildFile; fileRef = OBJ_51 /* ModelGeneratorProtocol.swift */; };
		20A5300421FD5114001BEB99 /* NetworkRequester.swift in Sources */ = {isa = PBXBuildFile; fileRef = OBJ_52 /* NetworkRequester.swift */; };
		20A5300521FD511A001BEB99 /* CommandError.swift in Sources */ = {isa = PBXBuildFile; fileRef = OBJ_55 /* CommandError.swift */; };
		20A5300621FD511A001BEB99 /* FileRetriever.swift in Sources */ = {isa = PBXBuildFile; fileRef = OBJ_56 /* FileRetriever.swift */; };
		20A5300721FD511A001BEB99 /* LocalJSONParser.swift in Sources */ = {isa = PBXBuildFile; fileRef = OBJ_57 /* LocalJSONParser.swift */; };
		20A5300821FD511A001BEB99 /* ModelParser.swift in Sources */ = {isa = PBXBuildFile; fileRef = OBJ_58 /* ModelParser.swift */; };
		OBJ_124 /* ConfigurationParser.swift in Sources */ = {isa = PBXBuildFile; fileRef = OBJ_9 /* ConfigurationParser.swift */; };
		OBJ_125 /* HTTPMethod.swift in Sources */ = {isa = PBXBuildFile; fileRef = OBJ_11 /* HTTPMethod.swift */; };
		OBJ_126 /* Language.swift in Sources */ = {isa = PBXBuildFile; fileRef = OBJ_12 /* Language.swift */; };
		OBJ_127 /* NetworkError.swift in Sources */ = {isa = PBXBuildFile; fileRef = OBJ_13 /* NetworkError.swift */; };
		OBJ_128 /* PriorityType.swift in Sources */ = {isa = PBXBuildFile; fileRef = OBJ_14 /* PriorityType.swift */; };
		OBJ_129 /* Type.swift in Sources */ = {isa = PBXBuildFile; fileRef = OBJ_15 /* Type.swift */; };
		OBJ_130 /* ArrayExtension.swift in Sources */ = {isa = PBXBuildFile; fileRef = OBJ_17 /* ArrayExtension.swift */; };
		OBJ_131 /* Data.swift in Sources */ = {isa = PBXBuildFile; fileRef = OBJ_18 /* Data.swift */; };
		OBJ_132 /* DateExtension.swift in Sources */ = {isa = PBXBuildFile; fileRef = OBJ_19 /* DateExtension.swift */; };
		OBJ_133 /* StringExtension.swift in Sources */ = {isa = PBXBuildFile; fileRef = OBJ_20 /* StringExtension.swift */; };
		OBJ_134 /* KotlinLanguageFormatter.swift in Sources */ = {isa = PBXBuildFile; fileRef = OBJ_23 /* KotlinLanguageFormatter.swift */; };
		OBJ_135 /* ObjectiveCHeaderLanguageFormatter.swift in Sources */ = {isa = PBXBuildFile; fileRef = OBJ_25 /* ObjectiveCHeaderLanguageFormatter.swift */; };
		OBJ_136 /* ObjectiveCLanguageFormatter.swift in Sources */ = {isa = PBXBuildFile; fileRef = OBJ_26 /* ObjectiveCLanguageFormatter.swift */; };
		OBJ_137 /* LanguageFormatter.swift in Sources */ = {isa = PBXBuildFile; fileRef = OBJ_28 /* LanguageFormatter.swift */; };
		OBJ_138 /* SwiftLanguageFormatter.swift in Sources */ = {isa = PBXBuildFile; fileRef = OBJ_30 /* SwiftLanguageFormatter.swift */; };
		OBJ_139 /* AuthEndpoint.swift in Sources */ = {isa = PBXBuildFile; fileRef = OBJ_32 /* AuthEndpoint.swift */; };
		OBJ_140 /* ConfigurationFile.swift in Sources */ = {isa = PBXBuildFile; fileRef = OBJ_33 /* ConfigurationFile.swift */; };
		OBJ_141 /* CustomProperty.swift in Sources */ = {isa = PBXBuildFile; fileRef = OBJ_34 /* CustomProperty.swift */; };
		OBJ_142 /* DirectoryData.swift in Sources */ = {isa = PBXBuildFile; fileRef = OBJ_35 /* DirectoryData.swift */; };
		OBJ_143 /* Endpoint.swift in Sources */ = {isa = PBXBuildFile; fileRef = OBJ_36 /* Endpoint.swift */; };
		OBJ_144 /* KeyedProperty.swift in Sources */ = {isa = PBXBuildFile; fileRef = OBJ_37 /* KeyedProperty.swift */; };
		OBJ_145 /* Line.swift in Sources */ = {isa = PBXBuildFile; fileRef = OBJ_38 /* Line.swift */; };
		OBJ_146 /* MappedModelInfo.swift in Sources */ = {isa = PBXBuildFile; fileRef = OBJ_39 /* MappedModelInfo.swift */; };
		OBJ_147 /* ModelContent.swift in Sources */ = {isa = PBXBuildFile; fileRef = OBJ_40 /* ModelContent.swift */; };
		OBJ_148 /* ServerAPIInfo.swift in Sources */ = {isa = PBXBuildFile; fileRef = OBJ_41 /* ServerAPIInfo.swift */; };
		OBJ_149 /* JsonParser.swift in Sources */ = {isa = PBXBuildFile; fileRef = OBJ_43 /* JsonParser.swift */; };
		OBJ_150 /* ModelDataSource.swift in Sources */ = {isa = PBXBuildFile; fileRef = OBJ_44 /* ModelDataSource.swift */; };
		OBJ_151 /* GeneratorDataSource.swift in Sources */ = {isa = PBXBuildFile; fileRef = OBJ_46 /* GeneratorDataSource.swift */; };
		OBJ_152 /* LineContent.swift in Sources */ = {isa = PBXBuildFile; fileRef = OBJ_47 /* LineContent.swift */; };
		OBJ_153 /* ModelGenerator.swift in Sources */ = {isa = PBXBuildFile; fileRef = OBJ_48 /* ModelGenerator.swift */; };
		OBJ_154 /* GeneratorDataSourceProtocol.swift in Sources */ = {isa = PBXBuildFile; fileRef = OBJ_50 /* GeneratorDataSourceProtocol.swift */; };
		OBJ_155 /* ModelGeneratorProtocol.swift in Sources */ = {isa = PBXBuildFile; fileRef = OBJ_51 /* ModelGeneratorProtocol.swift */; };
		OBJ_156 /* NetworkRequester.swift in Sources */ = {isa = PBXBuildFile; fileRef = OBJ_52 /* NetworkRequester.swift */; };
		OBJ_157 /* CommandError.swift in Sources */ = {isa = PBXBuildFile; fileRef = OBJ_55 /* CommandError.swift */; };
		OBJ_158 /* FileRetriever.swift in Sources */ = {isa = PBXBuildFile; fileRef = OBJ_56 /* FileRetriever.swift */; };
		OBJ_159 /* LocalJSONParser.swift in Sources */ = {isa = PBXBuildFile; fileRef = OBJ_57 /* LocalJSONParser.swift */; };
		OBJ_160 /* ModelParser.swift in Sources */ = {isa = PBXBuildFile; fileRef = OBJ_58 /* ModelParser.swift */; };
		OBJ_161 /* main.swift in Sources */ = {isa = PBXBuildFile; fileRef = OBJ_59 /* main.swift */; };
		OBJ_163 /* Stencil.framework in Frameworks */ = {isa = PBXBuildFile; fileRef = "Stencil::Stencil::Product" /* Stencil.framework */; };
		OBJ_164 /* PathKit.framework in Frameworks */ = {isa = PBXBuildFile; fileRef = "PathKit::PathKit::Product" /* PathKit.framework */; };
		OBJ_174 /* Package.swift in Sources */ = {isa = PBXBuildFile; fileRef = OBJ_6 /* Package.swift */; };
		OBJ_185 /* PriorityTypeTests.swift in Sources */ = {isa = PBXBuildFile; fileRef = OBJ_63 /* PriorityTypeTests.swift */; };
		OBJ_186 /* TypeTests.swift in Sources */ = {isa = PBXBuildFile; fileRef = OBJ_64 /* TypeTests.swift */; };
		OBJ_187 /* ArrayExtensionTests.swift in Sources */ = {isa = PBXBuildFile; fileRef = OBJ_66 /* ArrayExtensionTests.swift */; };
		OBJ_188 /* FakeGeneratorDataSource.swift in Sources */ = {isa = PBXBuildFile; fileRef = OBJ_68 /* FakeGeneratorDataSource.swift */; };
		OBJ_189 /* FakeLineContent.swift in Sources */ = {isa = PBXBuildFile; fileRef = OBJ_69 /* FakeLineContent.swift */; };
		OBJ_190 /* FakeModelDataSource.swift in Sources */ = {isa = PBXBuildFile; fileRef = OBJ_70 /* FakeModelDataSource.swift */; };
		OBJ_191 /* FakeModelGenerator.swift in Sources */ = {isa = PBXBuildFile; fileRef = OBJ_71 /* FakeModelGenerator.swift */; };
		OBJ_192 /* ConfigurationFileTests.swift in Sources */ = {isa = PBXBuildFile; fileRef = OBJ_73 /* ConfigurationFileTests.swift */; };
		OBJ_193 /* JsonParserTests.swift in Sources */ = {isa = PBXBuildFile; fileRef = OBJ_75 /* JsonParserTests.swift */; };
		OBJ_194 /* ModelDataSourceTests.swift in Sources */ = {isa = PBXBuildFile; fileRef = OBJ_76 /* ModelDataSourceTests.swift */; };
		OBJ_195 /* GeneratorDataSourceTests.swift in Sources */ = {isa = PBXBuildFile; fileRef = OBJ_78 /* GeneratorDataSourceTests.swift */; };
		OBJ_196 /* LineContentTests.swift in Sources */ = {isa = PBXBuildFile; fileRef = OBJ_79 /* LineContentTests.swift */; };
		OBJ_197 /* ModelGeneratorTests.swift in Sources */ = {isa = PBXBuildFile; fileRef = OBJ_80 /* ModelGeneratorTests.swift */; };
		OBJ_199 /* Stencil.framework in Frameworks */ = {isa = PBXBuildFile; fileRef = "Stencil::Stencil::Product" /* Stencil.framework */; };
		OBJ_200 /* PathKit.framework in Frameworks */ = {isa = PBXBuildFile; fileRef = "PathKit::PathKit::Product" /* PathKit.framework */; };
		OBJ_208 /* PathKit.swift in Sources */ = {isa = PBXBuildFile; fileRef = OBJ_113 /* PathKit.swift */; };
		OBJ_215 /* Package.swift in Sources */ = {isa = PBXBuildFile; fileRef = OBJ_112 /* Package.swift */; };
		OBJ_220 /* Context.swift in Sources */ = {isa = PBXBuildFile; fileRef = OBJ_91 /* Context.swift */; };
		OBJ_221 /* Environment.swift in Sources */ = {isa = PBXBuildFile; fileRef = OBJ_92 /* Environment.swift */; };
		OBJ_222 /* Errors.swift in Sources */ = {isa = PBXBuildFile; fileRef = OBJ_93 /* Errors.swift */; };
		OBJ_223 /* Expression.swift in Sources */ = {isa = PBXBuildFile; fileRef = OBJ_94 /* Expression.swift */; };
		OBJ_224 /* Extension.swift in Sources */ = {isa = PBXBuildFile; fileRef = OBJ_95 /* Extension.swift */; };
		OBJ_225 /* FilterTag.swift in Sources */ = {isa = PBXBuildFile; fileRef = OBJ_96 /* FilterTag.swift */; };
		OBJ_226 /* Filters.swift in Sources */ = {isa = PBXBuildFile; fileRef = OBJ_97 /* Filters.swift */; };
		OBJ_227 /* ForTag.swift in Sources */ = {isa = PBXBuildFile; fileRef = OBJ_98 /* ForTag.swift */; };
		OBJ_228 /* IfTag.swift in Sources */ = {isa = PBXBuildFile; fileRef = OBJ_99 /* IfTag.swift */; };
		OBJ_229 /* Include.swift in Sources */ = {isa = PBXBuildFile; fileRef = OBJ_100 /* Include.swift */; };
		OBJ_230 /* Inheritence.swift in Sources */ = {isa = PBXBuildFile; fileRef = OBJ_101 /* Inheritence.swift */; };
		OBJ_231 /* KeyPath.swift in Sources */ = {isa = PBXBuildFile; fileRef = OBJ_102 /* KeyPath.swift */; };
		OBJ_232 /* Lexer.swift in Sources */ = {isa = PBXBuildFile; fileRef = OBJ_103 /* Lexer.swift */; };
		OBJ_233 /* Loader.swift in Sources */ = {isa = PBXBuildFile; fileRef = OBJ_104 /* Loader.swift */; };
		OBJ_234 /* Node.swift in Sources */ = {isa = PBXBuildFile; fileRef = OBJ_105 /* Node.swift */; };
		OBJ_235 /* NowTag.swift in Sources */ = {isa = PBXBuildFile; fileRef = OBJ_106 /* NowTag.swift */; };
		OBJ_236 /* Parser.swift in Sources */ = {isa = PBXBuildFile; fileRef = OBJ_107 /* Parser.swift */; };
		OBJ_237 /* Template.swift in Sources */ = {isa = PBXBuildFile; fileRef = OBJ_108 /* Template.swift */; };
		OBJ_238 /* Tokenizer.swift in Sources */ = {isa = PBXBuildFile; fileRef = OBJ_109 /* Tokenizer.swift */; };
		OBJ_239 /* Variable.swift in Sources */ = {isa = PBXBuildFile; fileRef = OBJ_110 /* Variable.swift */; };
		OBJ_241 /* PathKit.framework in Frameworks */ = {isa = PBXBuildFile; fileRef = "PathKit::PathKit::Product" /* PathKit.framework */; };
		OBJ_248 /* Package.swift in Sources */ = {isa = PBXBuildFile; fileRef = OBJ_90 /* Package.swift */; };
/* End PBXBuildFile section */

/* Begin PBXContainerItemProxy section */
		20A52FD821FD5021001BEB99 /* PBXContainerItemProxy */ = {
			isa = PBXContainerItemProxy;
			containerPortal = OBJ_1 /* Project object */;
			proxyType = 1;
			remoteGlobalIDString = "Stencil::Stencil";
			remoteInfo = Stencil;
		};
		20A52FD921FD5021001BEB99 /* PBXContainerItemProxy */ = {
			isa = PBXContainerItemProxy;
			containerPortal = OBJ_1 /* Project object */;
			proxyType = 1;
			remoteGlobalIDString = "PathKit::PathKit";
			remoteInfo = PathKit;
		};
		20A52FDA21FD5021001BEB99 /* PBXContainerItemProxy */ = {
			isa = PBXContainerItemProxy;
			containerPortal = OBJ_1 /* Project object */;
			proxyType = 1;
			remoteGlobalIDString = "PathKit::PathKit";
			remoteInfo = PathKit;
		};
		20A52FDB21FD5021001BEB99 /* PBXContainerItemProxy */ = {
			isa = PBXContainerItemProxy;
			containerPortal = OBJ_1 /* Project object */;
			proxyType = 1;
			remoteGlobalIDString = "ModelSynchro::ModelSynchro";
			remoteInfo = ModelSynchro;
		};
		20A52FDC21FD5021001BEB99 /* PBXContainerItemProxy */ = {
			isa = PBXContainerItemProxy;
			containerPortal = OBJ_1 /* Project object */;
			proxyType = 1;
			remoteGlobalIDString = "Stencil::Stencil";
			remoteInfo = Stencil;
		};
		20A52FDD21FD5021001BEB99 /* PBXContainerItemProxy */ = {
			isa = PBXContainerItemProxy;
			containerPortal = OBJ_1 /* Project object */;
			proxyType = 1;
			remoteGlobalIDString = "PathKit::PathKit";
			remoteInfo = PathKit;
		};
		20A52FDF21FD50C6001BEB99 /* PBXContainerItemProxy */ = {
			isa = PBXContainerItemProxy;
			containerPortal = OBJ_1 /* Project object */;
			proxyType = 1;
			remoteGlobalIDString = "ModelSynchro::ModelSynchroTests";
			remoteInfo = ModelSynchroTests;
		};
/* End PBXContainerItemProxy section */

/* Begin PBXFileReference section */
		20A5300921FD5197001BEB99 /* README.md */ = {isa = PBXFileReference; fileEncoding = 4; lastKnownFileType = net.daringfireball.markdown; path = README.md; sourceTree = "<group>"; };
		20A5300A21FD5197001BEB99 /* configuration.json */ = {isa = PBXFileReference; fileEncoding = 4; lastKnownFileType = text.json; path = configuration.json; sourceTree = "<group>"; };
		"ModelSynchro::ModelSynchro::Product" /* ModelSynchro */ = {isa = PBXFileReference; explicitFileType = "compiled.mach-o.executable"; path = ModelSynchro; sourceTree = BUILT_PRODUCTS_DIR; };
		"ModelSynchro::ModelSynchroTests::Product" /* ModelSynchroTests.xctest */ = {isa = PBXFileReference; lastKnownFileType = file; path = ModelSynchroTests.xctest; sourceTree = BUILT_PRODUCTS_DIR; };
		OBJ_100 /* Include.swift */ = {isa = PBXFileReference; lastKnownFileType = sourcecode.swift; path = Include.swift; sourceTree = "<group>"; };
		OBJ_101 /* Inheritence.swift */ = {isa = PBXFileReference; lastKnownFileType = sourcecode.swift; path = Inheritence.swift; sourceTree = "<group>"; };
		OBJ_102 /* KeyPath.swift */ = {isa = PBXFileReference; lastKnownFileType = sourcecode.swift; path = KeyPath.swift; sourceTree = "<group>"; };
		OBJ_103 /* Lexer.swift */ = {isa = PBXFileReference; lastKnownFileType = sourcecode.swift; path = Lexer.swift; sourceTree = "<group>"; };
		OBJ_104 /* Loader.swift */ = {isa = PBXFileReference; lastKnownFileType = sourcecode.swift; path = Loader.swift; sourceTree = "<group>"; };
		OBJ_105 /* Node.swift */ = {isa = PBXFileReference; lastKnownFileType = sourcecode.swift; path = Node.swift; sourceTree = "<group>"; };
		OBJ_106 /* NowTag.swift */ = {isa = PBXFileReference; lastKnownFileType = sourcecode.swift; path = NowTag.swift; sourceTree = "<group>"; };
		OBJ_107 /* Parser.swift */ = {isa = PBXFileReference; lastKnownFileType = sourcecode.swift; path = Parser.swift; sourceTree = "<group>"; };
		OBJ_108 /* Template.swift */ = {isa = PBXFileReference; lastKnownFileType = sourcecode.swift; path = Template.swift; sourceTree = "<group>"; };
		OBJ_109 /* Tokenizer.swift */ = {isa = PBXFileReference; lastKnownFileType = sourcecode.swift; path = Tokenizer.swift; sourceTree = "<group>"; };
		OBJ_11 /* HTTPMethod.swift */ = {isa = PBXFileReference; lastKnownFileType = sourcecode.swift; path = HTTPMethod.swift; sourceTree = "<group>"; };
		OBJ_110 /* Variable.swift */ = {isa = PBXFileReference; lastKnownFileType = sourcecode.swift; path = Variable.swift; sourceTree = "<group>"; };
		OBJ_112 /* Package.swift */ = {isa = PBXFileReference; explicitFileType = sourcecode.swift; name = Package.swift; path = "/Users/jonathansamudio/JustBinaryProjects/ModelSynchro/ModelSynchro/.build/checkouts/PathKit.git--1231797608183464905/Package.swift"; sourceTree = "<group>"; };
		OBJ_113 /* PathKit.swift */ = {isa = PBXFileReference; lastKnownFileType = sourcecode.swift; path = PathKit.swift; sourceTree = "<group>"; };
		OBJ_12 /* Language.swift */ = {isa = PBXFileReference; lastKnownFileType = sourcecode.swift; path = Language.swift; sourceTree = "<group>"; };
		OBJ_13 /* NetworkError.swift */ = {isa = PBXFileReference; lastKnownFileType = sourcecode.swift; path = NetworkError.swift; sourceTree = "<group>"; };
		OBJ_14 /* PriorityType.swift */ = {isa = PBXFileReference; lastKnownFileType = sourcecode.swift; path = PriorityType.swift; sourceTree = "<group>"; };
		OBJ_15 /* Type.swift */ = {isa = PBXFileReference; lastKnownFileType = sourcecode.swift; path = Type.swift; sourceTree = "<group>"; };
		OBJ_17 /* ArrayExtension.swift */ = {isa = PBXFileReference; lastKnownFileType = sourcecode.swift; path = ArrayExtension.swift; sourceTree = "<group>"; };
		OBJ_18 /* Data.swift */ = {isa = PBXFileReference; lastKnownFileType = sourcecode.swift; path = Data.swift; sourceTree = "<group>"; };
		OBJ_19 /* DateExtension.swift */ = {isa = PBXFileReference; lastKnownFileType = sourcecode.swift; path = DateExtension.swift; sourceTree = "<group>"; };
		OBJ_20 /* StringExtension.swift */ = {isa = PBXFileReference; lastKnownFileType = sourcecode.swift; path = StringExtension.swift; sourceTree = "<group>"; };
		OBJ_23 /* KotlinLanguageFormatter.swift */ = {isa = PBXFileReference; lastKnownFileType = sourcecode.swift; path = KotlinLanguageFormatter.swift; sourceTree = "<group>"; };
		OBJ_25 /* ObjectiveCHeaderLanguageFormatter.swift */ = {isa = PBXFileReference; lastKnownFileType = sourcecode.swift; path = ObjectiveCHeaderLanguageFormatter.swift; sourceTree = "<group>"; };
		OBJ_26 /* ObjectiveCLanguageFormatter.swift */ = {isa = PBXFileReference; lastKnownFileType = sourcecode.swift; path = ObjectiveCLanguageFormatter.swift; sourceTree = "<group>"; };
		OBJ_28 /* LanguageFormatter.swift */ = {isa = PBXFileReference; lastKnownFileType = sourcecode.swift; path = LanguageFormatter.swift; sourceTree = "<group>"; };
		OBJ_30 /* SwiftLanguageFormatter.swift */ = {isa = PBXFileReference; lastKnownFileType = sourcecode.swift; path = SwiftLanguageFormatter.swift; sourceTree = "<group>"; };
		OBJ_32 /* AuthEndpoint.swift */ = {isa = PBXFileReference; lastKnownFileType = sourcecode.swift; path = AuthEndpoint.swift; sourceTree = "<group>"; };
		OBJ_33 /* ConfigurationFile.swift */ = {isa = PBXFileReference; lastKnownFileType = sourcecode.swift; path = ConfigurationFile.swift; sourceTree = "<group>"; };
		OBJ_34 /* CustomProperty.swift */ = {isa = PBXFileReference; lastKnownFileType = sourcecode.swift; path = CustomProperty.swift; sourceTree = "<group>"; };
		OBJ_35 /* DirectoryData.swift */ = {isa = PBXFileReference; lastKnownFileType = sourcecode.swift; path = DirectoryData.swift; sourceTree = "<group>"; };
		OBJ_36 /* Endpoint.swift */ = {isa = PBXFileReference; lastKnownFileType = sourcecode.swift; path = Endpoint.swift; sourceTree = "<group>"; };
		OBJ_37 /* KeyedProperty.swift */ = {isa = PBXFileReference; lastKnownFileType = sourcecode.swift; path = KeyedProperty.swift; sourceTree = "<group>"; };
		OBJ_38 /* Line.swift */ = {isa = PBXFileReference; lastKnownFileType = sourcecode.swift; path = Line.swift; sourceTree = "<group>"; };
		OBJ_39 /* MappedModelInfo.swift */ = {isa = PBXFileReference; lastKnownFileType = sourcecode.swift; path = MappedModelInfo.swift; sourceTree = "<group>"; };
		OBJ_40 /* ModelContent.swift */ = {isa = PBXFileReference; lastKnownFileType = sourcecode.swift; path = ModelContent.swift; sourceTree = "<group>"; };
		OBJ_41 /* ServerAPIInfo.swift */ = {isa = PBXFileReference; lastKnownFileType = sourcecode.swift; path = ServerAPIInfo.swift; sourceTree = "<group>"; };
		OBJ_43 /* JsonParser.swift */ = {isa = PBXFileReference; lastKnownFileType = sourcecode.swift; path = JsonParser.swift; sourceTree = "<group>"; };
		OBJ_44 /* ModelDataSource.swift */ = {isa = PBXFileReference; lastKnownFileType = sourcecode.swift; path = ModelDataSource.swift; sourceTree = "<group>"; };
		OBJ_46 /* GeneratorDataSource.swift */ = {isa = PBXFileReference; lastKnownFileType = sourcecode.swift; path = GeneratorDataSource.swift; sourceTree = "<group>"; };
		OBJ_47 /* LineContent.swift */ = {isa = PBXFileReference; lastKnownFileType = sourcecode.swift; path = LineContent.swift; sourceTree = "<group>"; };
		OBJ_48 /* ModelGenerator.swift */ = {isa = PBXFileReference; lastKnownFileType = sourcecode.swift; path = ModelGenerator.swift; sourceTree = "<group>"; };
		OBJ_50 /* GeneratorDataSourceProtocol.swift */ = {isa = PBXFileReference; lastKnownFileType = sourcecode.swift; path = GeneratorDataSourceProtocol.swift; sourceTree = "<group>"; };
		OBJ_51 /* ModelGeneratorProtocol.swift */ = {isa = PBXFileReference; lastKnownFileType = sourcecode.swift; path = ModelGeneratorProtocol.swift; sourceTree = "<group>"; };
		OBJ_52 /* NetworkRequester.swift */ = {isa = PBXFileReference; lastKnownFileType = sourcecode.swift; path = NetworkRequester.swift; sourceTree = "<group>"; };
		OBJ_55 /* CommandError.swift */ = {isa = PBXFileReference; lastKnownFileType = sourcecode.swift; path = CommandError.swift; sourceTree = "<group>"; };
		OBJ_56 /* FileRetriever.swift */ = {isa = PBXFileReference; lastKnownFileType = sourcecode.swift; path = FileRetriever.swift; sourceTree = "<group>"; };
		OBJ_57 /* LocalJSONParser.swift */ = {isa = PBXFileReference; lastKnownFileType = sourcecode.swift; path = LocalJSONParser.swift; sourceTree = "<group>"; };
		OBJ_58 /* ModelParser.swift */ = {isa = PBXFileReference; lastKnownFileType = sourcecode.swift; path = ModelParser.swift; sourceTree = "<group>"; };
		OBJ_59 /* main.swift */ = {isa = PBXFileReference; lastKnownFileType = sourcecode.swift; path = main.swift; sourceTree = "<group>"; };
		OBJ_6 /* Package.swift */ = {isa = PBXFileReference; explicitFileType = sourcecode.swift; path = Package.swift; sourceTree = "<group>"; };
		OBJ_63 /* PriorityTypeTests.swift */ = {isa = PBXFileReference; lastKnownFileType = sourcecode.swift; path = PriorityTypeTests.swift; sourceTree = "<group>"; };
		OBJ_64 /* TypeTests.swift */ = {isa = PBXFileReference; lastKnownFileType = sourcecode.swift; path = TypeTests.swift; sourceTree = "<group>"; };
		OBJ_66 /* ArrayExtensionTests.swift */ = {isa = PBXFileReference; lastKnownFileType = sourcecode.swift; path = ArrayExtensionTests.swift; sourceTree = "<group>"; };
		OBJ_68 /* FakeGeneratorDataSource.swift */ = {isa = PBXFileReference; lastKnownFileType = sourcecode.swift; path = FakeGeneratorDataSource.swift; sourceTree = "<group>"; };
		OBJ_69 /* FakeLineContent.swift */ = {isa = PBXFileReference; lastKnownFileType = sourcecode.swift; path = FakeLineContent.swift; sourceTree = "<group>"; };
		OBJ_70 /* FakeModelDataSource.swift */ = {isa = PBXFileReference; lastKnownFileType = sourcecode.swift; path = FakeModelDataSource.swift; sourceTree = "<group>"; };
		OBJ_71 /* FakeModelGenerator.swift */ = {isa = PBXFileReference; lastKnownFileType = sourcecode.swift; path = FakeModelGenerator.swift; sourceTree = "<group>"; };
		OBJ_73 /* ConfigurationFileTests.swift */ = {isa = PBXFileReference; lastKnownFileType = sourcecode.swift; path = ConfigurationFileTests.swift; sourceTree = "<group>"; };
		OBJ_75 /* JsonParserTests.swift */ = {isa = PBXFileReference; lastKnownFileType = sourcecode.swift; path = JsonParserTests.swift; sourceTree = "<group>"; };
		OBJ_76 /* ModelDataSourceTests.swift */ = {isa = PBXFileReference; lastKnownFileType = sourcecode.swift; path = ModelDataSourceTests.swift; sourceTree = "<group>"; };
		OBJ_78 /* GeneratorDataSourceTests.swift */ = {isa = PBXFileReference; lastKnownFileType = sourcecode.swift; path = GeneratorDataSourceTests.swift; sourceTree = "<group>"; };
		OBJ_79 /* LineContentTests.swift */ = {isa = PBXFileReference; lastKnownFileType = sourcecode.swift; path = LineContentTests.swift; sourceTree = "<group>"; };
		OBJ_80 /* ModelGeneratorTests.swift */ = {isa = PBXFileReference; lastKnownFileType = sourcecode.swift; path = ModelGeneratorTests.swift; sourceTree = "<group>"; };
		OBJ_81 /* SampleJSONOutput1 */ = {isa = PBXFileReference; lastKnownFileType = folder; path = SampleJSONOutput1; sourceTree = SOURCE_ROOT; };
		OBJ_82 /* SampleModels */ = {isa = PBXFileReference; lastKnownFileType = folder; path = SampleModels; sourceTree = SOURCE_ROOT; };
		OBJ_83 /* SampleKotlinModels */ = {isa = PBXFileReference; lastKnownFileType = folder; path = SampleKotlinModels; sourceTree = SOURCE_ROOT; };
		OBJ_84 /* SampleJSON1 */ = {isa = PBXFileReference; lastKnownFileType = folder; path = SampleJSON1; sourceTree = SOURCE_ROOT; };
		OBJ_85 /* SampleJSONOutput2 */ = {isa = PBXFileReference; lastKnownFileType = folder; path = SampleJSONOutput2; sourceTree = SOURCE_ROOT; };
		OBJ_86 /* templates */ = {isa = PBXFileReference; lastKnownFileType = folder; path = templates; sourceTree = SOURCE_ROOT; };
		OBJ_87 /* SampleJSON2 */ = {isa = PBXFileReference; lastKnownFileType = folder; path = SampleJSON2; sourceTree = SOURCE_ROOT; };
		OBJ_9 /* ConfigurationParser.swift */ = {isa = PBXFileReference; lastKnownFileType = sourcecode.swift; path = ConfigurationParser.swift; sourceTree = "<group>"; };
		OBJ_90 /* Package.swift */ = {isa = PBXFileReference; explicitFileType = sourcecode.swift; name = Package.swift; path = "/Users/jonathansamudio/JustBinaryProjects/ModelSynchro/ModelSynchro/.build/checkouts/Stencil.git-8351020237638849488/Package.swift"; sourceTree = "<group>"; };
		OBJ_91 /* Context.swift */ = {isa = PBXFileReference; lastKnownFileType = sourcecode.swift; path = Context.swift; sourceTree = "<group>"; };
		OBJ_92 /* Environment.swift */ = {isa = PBXFileReference; lastKnownFileType = sourcecode.swift; path = Environment.swift; sourceTree = "<group>"; };
		OBJ_93 /* Errors.swift */ = {isa = PBXFileReference; lastKnownFileType = sourcecode.swift; path = Errors.swift; sourceTree = "<group>"; };
		OBJ_94 /* Expression.swift */ = {isa = PBXFileReference; lastKnownFileType = sourcecode.swift; path = Expression.swift; sourceTree = "<group>"; };
		OBJ_95 /* Extension.swift */ = {isa = PBXFileReference; lastKnownFileType = sourcecode.swift; path = Extension.swift; sourceTree = "<group>"; };
		OBJ_96 /* FilterTag.swift */ = {isa = PBXFileReference; lastKnownFileType = sourcecode.swift; path = FilterTag.swift; sourceTree = "<group>"; };
		OBJ_97 /* Filters.swift */ = {isa = PBXFileReference; lastKnownFileType = sourcecode.swift; path = Filters.swift; sourceTree = "<group>"; };
		OBJ_98 /* ForTag.swift */ = {isa = PBXFileReference; lastKnownFileType = sourcecode.swift; path = ForTag.swift; sourceTree = "<group>"; };
		OBJ_99 /* IfTag.swift */ = {isa = PBXFileReference; lastKnownFileType = sourcecode.swift; path = IfTag.swift; sourceTree = "<group>"; };
		"PathKit::PathKit::Product" /* PathKit.framework */ = {isa = PBXFileReference; lastKnownFileType = wrapper.framework; path = PathKit.framework; sourceTree = BUILT_PRODUCTS_DIR; };
		"Stencil::Stencil::Product" /* Stencil.framework */ = {isa = PBXFileReference; lastKnownFileType = wrapper.framework; path = Stencil.framework; sourceTree = BUILT_PRODUCTS_DIR; };
/* End PBXFileReference section */

/* Begin PBXFrameworksBuildPhase section */
		OBJ_162 /* Frameworks */ = {
			isa = PBXFrameworksBuildPhase;
			buildActionMask = 0;
			files = (
				OBJ_163 /* Stencil.framework in Frameworks */,
				OBJ_164 /* PathKit.framework in Frameworks */,
			);
			runOnlyForDeploymentPostprocessing = 0;
		};
		OBJ_198 /* Frameworks */ = {
			isa = PBXFrameworksBuildPhase;
			buildActionMask = 0;
			files = (
				OBJ_199 /* Stencil.framework in Frameworks */,
				OBJ_200 /* PathKit.framework in Frameworks */,
			);
			runOnlyForDeploymentPostprocessing = 0;
		};
		OBJ_209 /* Frameworks */ = {
			isa = PBXFrameworksBuildPhase;
			buildActionMask = 0;
			files = (
			);
			runOnlyForDeploymentPostprocessing = 0;
		};
		OBJ_240 /* Frameworks */ = {
			isa = PBXFrameworksBuildPhase;
			buildActionMask = 0;
			files = (
				OBJ_241 /* PathKit.framework in Frameworks */,
			);
			runOnlyForDeploymentPostprocessing = 0;
		};
/* End PBXFrameworksBuildPhase section */

/* Begin PBXGroup section */
		OBJ_10 /* Enum */ = {
			isa = PBXGroup;
			children = (
				OBJ_11 /* HTTPMethod.swift */,
				OBJ_12 /* Language.swift */,
				OBJ_13 /* NetworkError.swift */,
				OBJ_14 /* PriorityType.swift */,
				OBJ_15 /* Type.swift */,
			);
			path = Enum;
			sourceTree = "<group>";
		};
		OBJ_111 /* PathKit 0.9.2 */ = {
			isa = PBXGroup;
			children = (
				OBJ_112 /* Package.swift */,
				OBJ_113 /* PathKit.swift */,
			);
			name = "PathKit 0.9.2";
			path = ".build/checkouts/PathKit.git--1231797608183464905/Sources";
			sourceTree = SOURCE_ROOT;
		};
		OBJ_114 /* Products */ = {
			isa = PBXGroup;
			children = (
				"Stencil::Stencil::Product" /* Stencil.framework */,
				"ModelSynchro::ModelSynchro::Product" /* ModelSynchro */,
				"PathKit::PathKit::Product" /* PathKit.framework */,
				"ModelSynchro::ModelSynchroTests::Product" /* ModelSynchroTests.xctest */,
			);
			name = Products;
			sourceTree = BUILT_PRODUCTS_DIR;
		};
		OBJ_16 /* Extensions */ = {
			isa = PBXGroup;
			children = (
				OBJ_17 /* ArrayExtension.swift */,
				OBJ_18 /* Data.swift */,
				OBJ_19 /* DateExtension.swift */,
				OBJ_20 /* StringExtension.swift */,
			);
			path = Extensions;
			sourceTree = "<group>";
		};
		OBJ_21 /* LanguageFormatter */ = {
			isa = PBXGroup;
			children = (
				OBJ_22 /* Kotlin */,
				OBJ_24 /* Objective-C */,
				OBJ_27 /* Protocols */,
				OBJ_29 /* Swift */,
			);
			path = LanguageFormatter;
			sourceTree = "<group>";
		};
		OBJ_22 /* Kotlin */ = {
			isa = PBXGroup;
			children = (
				OBJ_23 /* KotlinLanguageFormatter.swift */,
			);
			path = Kotlin;
			sourceTree = "<group>";
		};
		OBJ_24 /* Objective-C */ = {
			isa = PBXGroup;
			children = (
				OBJ_25 /* ObjectiveCHeaderLanguageFormatter.swift */,
				OBJ_26 /* ObjectiveCLanguageFormatter.swift */,
			);
			path = "Objective-C";
			sourceTree = "<group>";
		};
		OBJ_27 /* Protocols */ = {
			isa = PBXGroup;
			children = (
				OBJ_28 /* LanguageFormatter.swift */,
			);
			path = Protocols;
			sourceTree = "<group>";
		};
		OBJ_29 /* Swift */ = {
			isa = PBXGroup;
			children = (
				OBJ_30 /* SwiftLanguageFormatter.swift */,
			);
			path = Swift;
			sourceTree = "<group>";
		};
		OBJ_31 /* Models */ = {
			isa = PBXGroup;
			children = (
				OBJ_32 /* AuthEndpoint.swift */,
				OBJ_33 /* ConfigurationFile.swift */,
				OBJ_34 /* CustomProperty.swift */,
				OBJ_35 /* DirectoryData.swift */,
				OBJ_36 /* Endpoint.swift */,
				OBJ_37 /* KeyedProperty.swift */,
				OBJ_38 /* Line.swift */,
				OBJ_39 /* MappedModelInfo.swift */,
				OBJ_40 /* ModelContent.swift */,
				OBJ_41 /* ServerAPIInfo.swift */,
			);
			path = Models;
			sourceTree = "<group>";
		};
		OBJ_42 /* Network */ = {
			isa = PBXGroup;
			children = (
				OBJ_43 /* JsonParser.swift */,
				OBJ_44 /* ModelDataSource.swift */,
				OBJ_45 /* ModelGenerator */,
				OBJ_52 /* NetworkRequester.swift */,
			);
			path = Network;
			sourceTree = "<group>";
		};
		OBJ_45 /* ModelGenerator */ = {
			isa = PBXGroup;
			children = (
				OBJ_46 /* GeneratorDataSource.swift */,
				OBJ_47 /* LineContent.swift */,
				OBJ_48 /* ModelGenerator.swift */,
				OBJ_49 /* Protocols */,
			);
			path = ModelGenerator;
			sourceTree = "<group>";
		};
		OBJ_49 /* Protocols */ = {
			isa = PBXGroup;
			children = (
				OBJ_50 /* GeneratorDataSourceProtocol.swift */,
				OBJ_51 /* ModelGeneratorProtocol.swift */,
			);
			path = Protocols;
			sourceTree = "<group>";
		};
		OBJ_5 = {
			isa = PBXGroup;
			children = (
				20A5300921FD5197001BEB99 /* README.md */,
				OBJ_6 /* Package.swift */,
				20A5300A21FD5197001BEB99 /* configuration.json */,
				OBJ_7 /* Sources */,
				OBJ_60 /* Tests */,
				OBJ_81 /* SampleJSONOutput1 */,
				OBJ_82 /* SampleModels */,
				OBJ_83 /* SampleKotlinModels */,
				OBJ_84 /* SampleJSON1 */,
				OBJ_85 /* SampleJSONOutput2 */,
				OBJ_86 /* templates */,
				OBJ_87 /* SampleJSON2 */,
				OBJ_88 /* Dependencies */,
				OBJ_114 /* Products */,
			);
			sourceTree = "<group>";
		};
		OBJ_53 /* Utility */ = {
			isa = PBXGroup;
			children = (
				OBJ_54 /* CommandError */,
				OBJ_56 /* FileRetriever.swift */,
				OBJ_57 /* LocalJSONParser.swift */,
				OBJ_58 /* ModelParser.swift */,
			);
			path = Utility;
			sourceTree = "<group>";
		};
		OBJ_54 /* CommandError */ = {
			isa = PBXGroup;
			children = (
				OBJ_55 /* CommandError.swift */,
			);
			path = CommandError;
			sourceTree = "<group>";
		};
		OBJ_60 /* Tests */ = {
			isa = PBXGroup;
			children = (
				OBJ_61 /* ModelSynchroTests */,
			);
			name = Tests;
			sourceTree = SOURCE_ROOT;
		};
		OBJ_61 /* ModelSynchroTests */ = {
			isa = PBXGroup;
			children = (
				OBJ_62 /* Enum */,
				OBJ_65 /* Extensions */,
				OBJ_67 /* Mocks */,
				OBJ_72 /* Models */,
				OBJ_74 /* Network */,
			);
			name = ModelSynchroTests;
			path = Tests/ModelSynchroTests;
			sourceTree = SOURCE_ROOT;
		};
		OBJ_62 /* Enum */ = {
			isa = PBXGroup;
			children = (
				OBJ_63 /* PriorityTypeTests.swift */,
				OBJ_64 /* TypeTests.swift */,
			);
			path = Enum;
			sourceTree = "<group>";
		};
		OBJ_65 /* Extensions */ = {
			isa = PBXGroup;
			children = (
				OBJ_66 /* ArrayExtensionTests.swift */,
			);
			path = Extensions;
			sourceTree = "<group>";
		};
		OBJ_67 /* Mocks */ = {
			isa = PBXGroup;
			children = (
				OBJ_68 /* FakeGeneratorDataSource.swift */,
				OBJ_69 /* FakeLineContent.swift */,
				OBJ_70 /* FakeModelDataSource.swift */,
				OBJ_71 /* FakeModelGenerator.swift */,
			);
			path = Mocks;
			sourceTree = "<group>";
		};
		OBJ_7 /* Sources */ = {
			isa = PBXGroup;
			children = (
				OBJ_8 /* ModelSynchro */,
			);
			name = Sources;
			sourceTree = SOURCE_ROOT;
		};
		OBJ_72 /* Models */ = {
			isa = PBXGroup;
			children = (
				OBJ_73 /* ConfigurationFileTests.swift */,
			);
			path = Models;
			sourceTree = "<group>";
		};
		OBJ_74 /* Network */ = {
			isa = PBXGroup;
			children = (
				OBJ_75 /* JsonParserTests.swift */,
				OBJ_76 /* ModelDataSourceTests.swift */,
				OBJ_77 /* ModelGenerator */,
			);
			path = Network;
			sourceTree = "<group>";
		};
		OBJ_77 /* ModelGenerator */ = {
			isa = PBXGroup;
			children = (
				OBJ_78 /* GeneratorDataSourceTests.swift */,
				OBJ_79 /* LineContentTests.swift */,
				OBJ_80 /* ModelGeneratorTests.swift */,
			);
			path = ModelGenerator;
			sourceTree = "<group>";
		};
		OBJ_8 /* ModelSynchro */ = {
			isa = PBXGroup;
			children = (
				OBJ_9 /* ConfigurationParser.swift */,
				OBJ_10 /* Enum */,
				OBJ_16 /* Extensions */,
				OBJ_21 /* LanguageFormatter */,
				OBJ_31 /* Models */,
				OBJ_42 /* Network */,
				OBJ_53 /* Utility */,
				OBJ_59 /* main.swift */,
			);
			name = ModelSynchro;
			path = Sources/ModelSynchro;
			sourceTree = SOURCE_ROOT;
		};
		OBJ_88 /* Dependencies */ = {
			isa = PBXGroup;
			children = (
				OBJ_89 /* Stencil 0.13.1 */,
				OBJ_111 /* PathKit 0.9.2 */,
			);
			name = Dependencies;
			sourceTree = "<group>";
		};
		OBJ_89 /* Stencil 0.13.1 */ = {
			isa = PBXGroup;
			children = (
				OBJ_90 /* Package.swift */,
				OBJ_91 /* Context.swift */,
				OBJ_92 /* Environment.swift */,
				OBJ_93 /* Errors.swift */,
				OBJ_94 /* Expression.swift */,
				OBJ_95 /* Extension.swift */,
				OBJ_96 /* FilterTag.swift */,
				OBJ_97 /* Filters.swift */,
				OBJ_98 /* ForTag.swift */,
				OBJ_99 /* IfTag.swift */,
				OBJ_100 /* Include.swift */,
				OBJ_101 /* Inheritence.swift */,
				OBJ_102 /* KeyPath.swift */,
				OBJ_103 /* Lexer.swift */,
				OBJ_104 /* Loader.swift */,
				OBJ_105 /* Node.swift */,
				OBJ_106 /* NowTag.swift */,
				OBJ_107 /* Parser.swift */,
				OBJ_108 /* Template.swift */,
				OBJ_109 /* Tokenizer.swift */,
				OBJ_110 /* Variable.swift */,
			);
			name = "Stencil 0.13.1";
			path = ".build/checkouts/Stencil.git-8351020237638849488/Sources";
			sourceTree = SOURCE_ROOT;
		};
/* End PBXGroup section */

/* Begin PBXNativeTarget section */
		"ModelSynchro::ModelSynchro" /* ModelSynchro */ = {
			isa = PBXNativeTarget;
			buildConfigurationList = OBJ_120 /* Build configuration list for PBXNativeTarget "ModelSynchro" */;
			buildPhases = (
				OBJ_123 /* Sources */,
				OBJ_162 /* Frameworks */,
			);
			buildRules = (
			);
			dependencies = (
				OBJ_165 /* PBXTargetDependency */,
				OBJ_167 /* PBXTargetDependency */,
			);
			name = ModelSynchro;
			productName = ModelSynchro;
			productReference = "ModelSynchro::ModelSynchro::Product" /* ModelSynchro */;
			productType = "com.apple.product-type.tool";
		};
		"ModelSynchro::ModelSynchroTests" /* ModelSynchroTests */ = {
			isa = PBXNativeTarget;
			buildConfigurationList = OBJ_181 /* Build configuration list for PBXNativeTarget "ModelSynchroTests" */;
			buildPhases = (
				OBJ_184 /* Sources */,
				OBJ_198 /* Frameworks */,
			);
			buildRules = (
			);
			dependencies = (
				OBJ_201 /* PBXTargetDependency */,
				OBJ_202 /* PBXTargetDependency */,
				OBJ_203 /* PBXTargetDependency */,
			);
			name = ModelSynchroTests;
			productName = ModelSynchroTests;
			productReference = "ModelSynchro::ModelSynchroTests::Product" /* ModelSynchroTests.xctest */;
			productType = "com.apple.product-type.bundle.unit-test";
		};
		"ModelSynchro::SwiftPMPackageDescription" /* ModelSynchroPackageDescription */ = {
			isa = PBXNativeTarget;
			buildConfigurationList = OBJ_170 /* Build configuration list for PBXNativeTarget "ModelSynchroPackageDescription" */;
			buildPhases = (
				OBJ_173 /* Sources */,
			);
			buildRules = (
			);
			dependencies = (
			);
			name = ModelSynchroPackageDescription;
			productName = ModelSynchroPackageDescription;
			productType = "com.apple.product-type.framework";
		};
		"PathKit::PathKit" /* PathKit */ = {
			isa = PBXNativeTarget;
			buildConfigurationList = OBJ_204 /* Build configuration list for PBXNativeTarget "PathKit" */;
			buildPhases = (
				OBJ_207 /* Sources */,
				OBJ_209 /* Frameworks */,
			);
			buildRules = (
			);
			dependencies = (
			);
			name = PathKit;
			productName = PathKit;
			productReference = "PathKit::PathKit::Product" /* PathKit.framework */;
			productType = "com.apple.product-type.framework";
		};
		"PathKit::SwiftPMPackageDescription" /* PathKitPackageDescription */ = {
			isa = PBXNativeTarget;
			buildConfigurationList = OBJ_211 /* Build configuration list for PBXNativeTarget "PathKitPackageDescription" */;
			buildPhases = (
				OBJ_214 /* Sources */,
			);
			buildRules = (
			);
			dependencies = (
			);
			name = PathKitPackageDescription;
			productName = PathKitPackageDescription;
			productType = "com.apple.product-type.framework";
		};
		"Stencil::Stencil" /* Stencil */ = {
			isa = PBXNativeTarget;
			buildConfigurationList = OBJ_216 /* Build configuration list for PBXNativeTarget "Stencil" */;
			buildPhases = (
				OBJ_219 /* Sources */,
				OBJ_240 /* Frameworks */,
			);
			buildRules = (
			);
			dependencies = (
				OBJ_242 /* PBXTargetDependency */,
			);
			name = Stencil;
			productName = Stencil;
			productReference = "Stencil::Stencil::Product" /* Stencil.framework */;
			productType = "com.apple.product-type.framework";
		};
		"Stencil::SwiftPMPackageDescription" /* StencilPackageDescription */ = {
			isa = PBXNativeTarget;
			buildConfigurationList = OBJ_244 /* Build configuration list for PBXNativeTarget "StencilPackageDescription" */;
			buildPhases = (
				OBJ_247 /* Sources */,
			);
			buildRules = (
			);
			dependencies = (
			);
			name = StencilPackageDescription;
			productName = StencilPackageDescription;
			productType = "com.apple.product-type.framework";
		};
/* End PBXNativeTarget section */

/* Begin PBXProject section */
		OBJ_1 /* Project object */ = {
			isa = PBXProject;
			attributes = {
				LastUpgradeCheck = 9999;
			};
			buildConfigurationList = OBJ_2 /* Build configuration list for PBXProject "ModelSynchro" */;
			compatibilityVersion = "Xcode 3.2";
			developmentRegion = English;
			hasScannedForEncodings = 0;
			knownRegions = (
				en,
			);
			mainGroup = OBJ_5;
			productRefGroup = OBJ_114 /* Products */;
			projectDirPath = "";
			projectRoot = "";
			targets = (
				"ModelSynchro::ModelSynchro" /* ModelSynchro */,
				"ModelSynchro::SwiftPMPackageDescription" /* ModelSynchroPackageDescription */,
				"ModelSynchro::ModelSynchroPackageTests::ProductTarget" /* ModelSynchroPackageTests */,
				"ModelSynchro::ModelSynchroTests" /* ModelSynchroTests */,
				"PathKit::PathKit" /* PathKit */,
				"PathKit::SwiftPMPackageDescription" /* PathKitPackageDescription */,
				"Stencil::Stencil" /* Stencil */,
				"Stencil::SwiftPMPackageDescription" /* StencilPackageDescription */,
			);
		};
/* End PBXProject section */

/* Begin PBXSourcesBuildPhase section */
		OBJ_123 /* Sources */ = {
			isa = PBXSourcesBuildPhase;
			buildActionMask = 0;
			files = (
				OBJ_124 /* ConfigurationParser.swift in Sources */,
				OBJ_125 /* HTTPMethod.swift in Sources */,
				OBJ_126 /* Language.swift in Sources */,
				OBJ_127 /* NetworkError.swift in Sources */,
				OBJ_128 /* PriorityType.swift in Sources */,
				OBJ_129 /* Type.swift in Sources */,
				OBJ_130 /* ArrayExtension.swift in Sources */,
				OBJ_131 /* Data.swift in Sources */,
				OBJ_132 /* DateExtension.swift in Sources */,
				OBJ_133 /* StringExtension.swift in Sources */,
				OBJ_134 /* KotlinLanguageFormatter.swift in Sources */,
				OBJ_135 /* ObjectiveCHeaderLanguageFormatter.swift in Sources */,
				OBJ_136 /* ObjectiveCLanguageFormatter.swift in Sources */,
				OBJ_137 /* LanguageFormatter.swift in Sources */,
				OBJ_138 /* SwiftLanguageFormatter.swift in Sources */,
				OBJ_139 /* AuthEndpoint.swift in Sources */,
				OBJ_140 /* ConfigurationFile.swift in Sources */,
				OBJ_141 /* CustomProperty.swift in Sources */,
				OBJ_142 /* DirectoryData.swift in Sources */,
				OBJ_143 /* Endpoint.swift in Sources */,
				OBJ_144 /* KeyedProperty.swift in Sources */,
				OBJ_145 /* Line.swift in Sources */,
				OBJ_146 /* MappedModelInfo.swift in Sources */,
				OBJ_147 /* ModelContent.swift in Sources */,
				OBJ_148 /* ServerAPIInfo.swift in Sources */,
				OBJ_149 /* JsonParser.swift in Sources */,
				OBJ_150 /* ModelDataSource.swift in Sources */,
				OBJ_151 /* GeneratorDataSource.swift in Sources */,
				OBJ_152 /* LineContent.swift in Sources */,
				OBJ_153 /* ModelGenerator.swift in Sources */,
				OBJ_154 /* GeneratorDataSourceProtocol.swift in Sources */,
				OBJ_155 /* ModelGeneratorProtocol.swift in Sources */,
				OBJ_156 /* NetworkRequester.swift in Sources */,
				OBJ_157 /* CommandError.swift in Sources */,
				OBJ_158 /* FileRetriever.swift in Sources */,
				OBJ_159 /* LocalJSONParser.swift in Sources */,
				OBJ_160 /* ModelParser.swift in Sources */,
				OBJ_161 /* main.swift in Sources */,
			);
			runOnlyForDeploymentPostprocessing = 0;
		};
		OBJ_173 /* Sources */ = {
			isa = PBXSourcesBuildPhase;
			buildActionMask = 0;
			files = (
				OBJ_174 /* Package.swift in Sources */,
			);
			runOnlyForDeploymentPostprocessing = 0;
		};
		OBJ_184 /* Sources */ = {
			isa = PBXSourcesBuildPhase;
			buildActionMask = 0;
			files = (
				20A5300221FD510F001BEB99 /* GeneratorDataSourceProtocol.swift in Sources */,
				OBJ_185 /* PriorityTypeTests.swift in Sources */,
				20A52FED21FD50FE001BEB99 /* LanguageFormatter.swift in Sources */,
				20A52FEE21FD50FE001BEB99 /* SwiftLanguageFormatter.swift in Sources */,
				20A52FEC21FD50FE001BEB99 /* ObjectiveCLanguageFormatter.swift in Sources */,
				OBJ_186 /* TypeTests.swift in Sources */,
				20A5300621FD511A001BEB99 /* FileRetriever.swift in Sources */,
				OBJ_187 /* ArrayExtensionTests.swift in Sources */,
				20A5300421FD5114001BEB99 /* NetworkRequester.swift in Sources */,
				OBJ_188 /* FakeGeneratorDataSource.swift in Sources */,
				20A52FEF21FD50FE001BEB99 /* AuthEndpoint.swift in Sources */,
				OBJ_189 /* FakeLineContent.swift in Sources */,
				OBJ_190 /* FakeModelDataSource.swift in Sources */,
				20A5300321FD510F001BEB99 /* ModelGeneratorProtocol.swift in Sources */,
				20A52FEA21FD50FE001BEB99 /* KotlinLanguageFormatter.swift in Sources */,
				20A5300721FD511A001BEB99 /* LocalJSONParser.swift in Sources */,
				OBJ_191 /* FakeModelGenerator.swift in Sources */,
				20A52FF821FD50FE001BEB99 /* ServerAPIInfo.swift in Sources */,
				20A52FE221FD50E7001BEB99 /* Language.swift in Sources */,
				20A52FF221FD50FE001BEB99 /* DirectoryData.swift in Sources */,
				20A52FF721FD50FE001BEB99 /* ModelContent.swift in Sources */,
				OBJ_192 /* ConfigurationFileTests.swift in Sources */,
				20A52FF121FD50FE001BEB99 /* CustomProperty.swift in Sources */,
				20A52FEB21FD50FE001BEB99 /* ObjectiveCHeaderLanguageFormatter.swift in Sources */,
				20A52FF421FD50FE001BEB99 /* KeyedProperty.swift in Sources */,
				20A52FFE21FD510B001BEB99 /* ModelDataSource.swift in Sources */,
				OBJ_193 /* JsonParserTests.swift in Sources */,
				OBJ_194 /* ModelDataSourceTests.swift in Sources */,
				20A52FE021FD50E7001BEB99 /* ConfigurationParser.swift in Sources */,
				20A52FE121FD50E7001BEB99 /* HTTPMethod.swift in Sources */,
				20A52FE821FD50E7001BEB99 /* DateExtension.swift in Sources */,
				20A52FE421FD50E7001BEB99 /* PriorityType.swift in Sources */,
				20A52FE721FD50E7001BEB99 /* Data.swift in Sources */,
				20A52FFF21FD510B001BEB99 /* GeneratorDataSource.swift in Sources */,
				20A5300821FD511A001BEB99 /* ModelParser.swift in Sources */,
				20A5300021FD510B001BEB99 /* LineContent.swift in Sources */,
				20A52FE521FD50E7001BEB99 /* Type.swift in Sources */,
				OBJ_195 /* GeneratorDataSourceTests.swift in Sources */,
				20A52FE321FD50E7001BEB99 /* NetworkError.swift in Sources */,
				20A52FF621FD50FE001BEB99 /* MappedModelInfo.swift in Sources */,
				20A52FE921FD50E7001BEB99 /* StringExtension.swift in Sources */,
				20A52FE621FD50E7001BEB99 /* ArrayExtension.swift in Sources */,
				20A52FF021FD50FE001BEB99 /* ConfigurationFile.swift in Sources */,
				20A5300121FD510B001BEB99 /* ModelGenerator.swift in Sources */,
				OBJ_196 /* LineContentTests.swift in Sources */,
				20A52FF521FD50FE001BEB99 /* Line.swift in Sources */,
				20A52FF321FD50FE001BEB99 /* Endpoint.swift in Sources */,
				OBJ_197 /* ModelGeneratorTests.swift in Sources */,
				20A52FFD21FD510B001BEB99 /* JsonParser.swift in Sources */,
				20A5300521FD511A001BEB99 /* CommandError.swift in Sources */,
			);
			runOnlyForDeploymentPostprocessing = 0;
		};
		OBJ_207 /* Sources */ = {
			isa = PBXSourcesBuildPhase;
			buildActionMask = 0;
			files = (
				OBJ_208 /* PathKit.swift in Sources */,
			);
			runOnlyForDeploymentPostprocessing = 0;
		};
		OBJ_214 /* Sources */ = {
			isa = PBXSourcesBuildPhase;
			buildActionMask = 0;
			files = (
				OBJ_215 /* Package.swift in Sources */,
			);
			runOnlyForDeploymentPostprocessing = 0;
		};
		OBJ_219 /* Sources */ = {
			isa = PBXSourcesBuildPhase;
			buildActionMask = 0;
			files = (
				OBJ_220 /* Context.swift in Sources */,
				OBJ_221 /* Environment.swift in Sources */,
				OBJ_222 /* Errors.swift in Sources */,
				OBJ_223 /* Expression.swift in Sources */,
				OBJ_224 /* Extension.swift in Sources */,
				OBJ_225 /* FilterTag.swift in Sources */,
				OBJ_226 /* Filters.swift in Sources */,
				OBJ_227 /* ForTag.swift in Sources */,
				OBJ_228 /* IfTag.swift in Sources */,
				OBJ_229 /* Include.swift in Sources */,
				OBJ_230 /* Inheritence.swift in Sources */,
				OBJ_231 /* KeyPath.swift in Sources */,
				OBJ_232 /* Lexer.swift in Sources */,
				OBJ_233 /* Loader.swift in Sources */,
				OBJ_234 /* Node.swift in Sources */,
				OBJ_235 /* NowTag.swift in Sources */,
				OBJ_236 /* Parser.swift in Sources */,
				OBJ_237 /* Template.swift in Sources */,
				OBJ_238 /* Tokenizer.swift in Sources */,
				OBJ_239 /* Variable.swift in Sources */,
			);
			runOnlyForDeploymentPostprocessing = 0;
		};
		OBJ_247 /* Sources */ = {
			isa = PBXSourcesBuildPhase;
			buildActionMask = 0;
			files = (
				OBJ_248 /* Package.swift in Sources */,
			);
			runOnlyForDeploymentPostprocessing = 0;
		};
/* End PBXSourcesBuildPhase section */

/* Begin PBXTargetDependency section */
		OBJ_165 /* PBXTargetDependency */ = {
			isa = PBXTargetDependency;
			target = "Stencil::Stencil" /* Stencil */;
			targetProxy = 20A52FD821FD5021001BEB99 /* PBXContainerItemProxy */;
		};
		OBJ_167 /* PBXTargetDependency */ = {
			isa = PBXTargetDependency;
			target = "PathKit::PathKit" /* PathKit */;
			targetProxy = 20A52FDA21FD5021001BEB99 /* PBXContainerItemProxy */;
		};
		OBJ_179 /* PBXTargetDependency */ = {
			isa = PBXTargetDependency;
			target = "ModelSynchro::ModelSynchroTests" /* ModelSynchroTests */;
			targetProxy = 20A52FDF21FD50C6001BEB99 /* PBXContainerItemProxy */;
		};
		OBJ_201 /* PBXTargetDependency */ = {
			isa = PBXTargetDependency;
			target = "ModelSynchro::ModelSynchro" /* ModelSynchro */;
			targetProxy = 20A52FDB21FD5021001BEB99 /* PBXContainerItemProxy */;
		};
		OBJ_202 /* PBXTargetDependency */ = {
			isa = PBXTargetDependency;
			target = "Stencil::Stencil" /* Stencil */;
			targetProxy = 20A52FDC21FD5021001BEB99 /* PBXContainerItemProxy */;
		};
		OBJ_203 /* PBXTargetDependency */ = {
			isa = PBXTargetDependency;
			target = "PathKit::PathKit" /* PathKit */;
			targetProxy = 20A52FDD21FD5021001BEB99 /* PBXContainerItemProxy */;
		};
		OBJ_242 /* PBXTargetDependency */ = {
			isa = PBXTargetDependency;
			target = "PathKit::PathKit" /* PathKit */;
			targetProxy = 20A52FD921FD5021001BEB99 /* PBXContainerItemProxy */;
		};
/* End PBXTargetDependency section */

/* Begin XCBuildConfiguration section */
		OBJ_121 /* Debug */ = {
			isa = XCBuildConfiguration;
			buildSettings = {
				ENABLE_TESTABILITY = YES;
				FRAMEWORK_SEARCH_PATHS = (
					"$(inherited)",
					"$(PLATFORM_DIR)/Developer/Library/Frameworks",
				);
				HEADER_SEARCH_PATHS = "$(inherited)";
				INFOPLIST_FILE = ModelSynchro.xcodeproj/ModelSynchro_Info.plist;
				LD_RUNPATH_SEARCH_PATHS = "$(inherited) $(TOOLCHAIN_DIR)/usr/lib/swift/macosx @executable_path";
				OTHER_CFLAGS = "$(inherited)";
				OTHER_LDFLAGS = "$(inherited)";
				OTHER_SWIFT_FLAGS = "$(inherited)";
				SWIFT_ACTIVE_COMPILATION_CONDITIONS = "$(inherited)";
				SWIFT_FORCE_DYNAMIC_LINK_STDLIB = YES;
				SWIFT_FORCE_STATIC_LINK_STDLIB = NO;
				SWIFT_VERSION = 4.2;
				TARGET_NAME = ModelSynchro;
			};
			name = Debug;
		};
		OBJ_122 /* Release */ = {
			isa = XCBuildConfiguration;
			buildSettings = {
				ENABLE_TESTABILITY = YES;
				FRAMEWORK_SEARCH_PATHS = (
					"$(inherited)",
					"$(PLATFORM_DIR)/Developer/Library/Frameworks",
				);
				HEADER_SEARCH_PATHS = "$(inherited)";
				INFOPLIST_FILE = ModelSynchro.xcodeproj/ModelSynchro_Info.plist;
				LD_RUNPATH_SEARCH_PATHS = "$(inherited) $(TOOLCHAIN_DIR)/usr/lib/swift/macosx @executable_path";
				OTHER_CFLAGS = "$(inherited)";
				OTHER_LDFLAGS = "$(inherited)";
				OTHER_SWIFT_FLAGS = "$(inherited)";
				SWIFT_ACTIVE_COMPILATION_CONDITIONS = "$(inherited)";
				SWIFT_FORCE_DYNAMIC_LINK_STDLIB = YES;
				SWIFT_FORCE_STATIC_LINK_STDLIB = NO;
				SWIFT_VERSION = 4.2;
				TARGET_NAME = ModelSynchro;
			};
			name = Release;
		};
		OBJ_171 /* Debug */ = {
			isa = XCBuildConfiguration;
			buildSettings = {
				LD = /usr/bin/true;
				OTHER_SWIFT_FLAGS = "-swift-version 4.2 -I $(TOOLCHAIN_DIR)/usr/lib/swift/pm/4_2 -target x86_64-apple-macosx10.10 -sdk /Applications/Xcode.app/Contents/Developer/Platforms/MacOSX.platform/Developer/SDKs/MacOSX10.14.sdk";
				SWIFT_VERSION = 4.2;
			};
			name = Debug;
		};
		OBJ_172 /* Release */ = {
			isa = XCBuildConfiguration;
			buildSettings = {
				LD = /usr/bin/true;
				OTHER_SWIFT_FLAGS = "-swift-version 4.2 -I $(TOOLCHAIN_DIR)/usr/lib/swift/pm/4_2 -target x86_64-apple-macosx10.10 -sdk /Applications/Xcode.app/Contents/Developer/Platforms/MacOSX.platform/Developer/SDKs/MacOSX10.14.sdk";
				SWIFT_VERSION = 4.2;
			};
			name = Release;
		};
		OBJ_177 /* Debug */ = {
			isa = XCBuildConfiguration;
			buildSettings = {
			};
			name = Debug;
		};
		OBJ_178 /* Release */ = {
			isa = XCBuildConfiguration;
			buildSettings = {
			};
			name = Release;
		};
		OBJ_182 /* Debug */ = {
			isa = XCBuildConfiguration;
			buildSettings = {
				CLANG_ENABLE_MODULES = YES;
				EMBEDDED_CONTENT_CONTAINS_SWIFT = YES;
				FRAMEWORK_SEARCH_PATHS = (
					"$(inherited)",
					"$(PLATFORM_DIR)/Developer/Library/Frameworks",
				);
				HEADER_SEARCH_PATHS = "$(inherited)";
				INFOPLIST_FILE = ModelSynchro.xcodeproj/ModelSynchroTests_Info.plist;
				LD_RUNPATH_SEARCH_PATHS = "$(inherited) @loader_path/../Frameworks @loader_path/Frameworks";
				OTHER_CFLAGS = "$(inherited)";
				OTHER_LDFLAGS = "$(inherited)";
				OTHER_SWIFT_FLAGS = "$(inherited)";
				SWIFT_ACTIVE_COMPILATION_CONDITIONS = "$(inherited)";
				SWIFT_VERSION = 4.2;
				TARGET_NAME = ModelSynchroTests;
			};
			name = Debug;
		};
		OBJ_183 /* Release */ = {
			isa = XCBuildConfiguration;
			buildSettings = {
				CLANG_ENABLE_MODULES = YES;
				EMBEDDED_CONTENT_CONTAINS_SWIFT = YES;
				FRAMEWORK_SEARCH_PATHS = (
					"$(inherited)",
					"$(PLATFORM_DIR)/Developer/Library/Frameworks",
				);
				HEADER_SEARCH_PATHS = "$(inherited)";
				INFOPLIST_FILE = ModelSynchro.xcodeproj/ModelSynchroTests_Info.plist;
				LD_RUNPATH_SEARCH_PATHS = "$(inherited) @loader_path/../Frameworks @loader_path/Frameworks";
				OTHER_CFLAGS = "$(inherited)";
				OTHER_LDFLAGS = "$(inherited)";
				OTHER_SWIFT_FLAGS = "$(inherited)";
				SWIFT_ACTIVE_COMPILATION_CONDITIONS = "$(inherited)";
				SWIFT_VERSION = 4.2;
				TARGET_NAME = ModelSynchroTests;
			};
			name = Release;
		};
		OBJ_205 /* Debug */ = {
			isa = XCBuildConfiguration;
			buildSettings = {
				ENABLE_TESTABILITY = YES;
				FRAMEWORK_SEARCH_PATHS = (
					"$(inherited)",
					"$(PLATFORM_DIR)/Developer/Library/Frameworks",
				);
				HEADER_SEARCH_PATHS = "$(inherited)";
				INFOPLIST_FILE = ModelSynchro.xcodeproj/PathKit_Info.plist;
				LD_RUNPATH_SEARCH_PATHS = "$(inherited) $(TOOLCHAIN_DIR)/usr/lib/swift/macosx";
				OTHER_CFLAGS = "$(inherited)";
				OTHER_LDFLAGS = "$(inherited)";
				OTHER_SWIFT_FLAGS = "$(inherited)";
				PRODUCT_BUNDLE_IDENTIFIER = PathKit;
				PRODUCT_MODULE_NAME = "$(TARGET_NAME:c99extidentifier)";
				PRODUCT_NAME = "$(TARGET_NAME:c99extidentifier)";
				SKIP_INSTALL = YES;
				SWIFT_ACTIVE_COMPILATION_CONDITIONS = "$(inherited)";
				SWIFT_VERSION = 4.2;
				TARGET_NAME = PathKit;
			};
			name = Debug;
		};
		OBJ_206 /* Release */ = {
			isa = XCBuildConfiguration;
			buildSettings = {
				ENABLE_TESTABILITY = YES;
				FRAMEWORK_SEARCH_PATHS = (
					"$(inherited)",
					"$(PLATFORM_DIR)/Developer/Library/Frameworks",
				);
				HEADER_SEARCH_PATHS = "$(inherited)";
				INFOPLIST_FILE = ModelSynchro.xcodeproj/PathKit_Info.plist;
				LD_RUNPATH_SEARCH_PATHS = "$(inherited) $(TOOLCHAIN_DIR)/usr/lib/swift/macosx";
				OTHER_CFLAGS = "$(inherited)";
				OTHER_LDFLAGS = "$(inherited)";
				OTHER_SWIFT_FLAGS = "$(inherited)";
				PRODUCT_BUNDLE_IDENTIFIER = PathKit;
				PRODUCT_MODULE_NAME = "$(TARGET_NAME:c99extidentifier)";
				PRODUCT_NAME = "$(TARGET_NAME:c99extidentifier)";
				SKIP_INSTALL = YES;
				SWIFT_ACTIVE_COMPILATION_CONDITIONS = "$(inherited)";
				SWIFT_VERSION = 4.2;
				TARGET_NAME = PathKit;
			};
			name = Release;
		};
		OBJ_212 /* Debug */ = {
			isa = XCBuildConfiguration;
			buildSettings = {
				LD = /usr/bin/true;
				OTHER_SWIFT_FLAGS = "-swift-version 4.2 -I $(TOOLCHAIN_DIR)/usr/lib/swift/pm/4_2 -target x86_64-apple-macosx10.10 -sdk /Applications/Xcode.app/Contents/Developer/Platforms/MacOSX.platform/Developer/SDKs/MacOSX10.14.sdk";
				SWIFT_VERSION = 4.2;
			};
			name = Debug;
		};
		OBJ_213 /* Release */ = {
			isa = XCBuildConfiguration;
			buildSettings = {
				LD = /usr/bin/true;
				OTHER_SWIFT_FLAGS = "-swift-version 4.2 -I $(TOOLCHAIN_DIR)/usr/lib/swift/pm/4_2 -target x86_64-apple-macosx10.10 -sdk /Applications/Xcode.app/Contents/Developer/Platforms/MacOSX.platform/Developer/SDKs/MacOSX10.14.sdk";
				SWIFT_VERSION = 4.2;
			};
			name = Release;
		};
		OBJ_217 /* Debug */ = {
			isa = XCBuildConfiguration;
			buildSettings = {
				ENABLE_TESTABILITY = YES;
				FRAMEWORK_SEARCH_PATHS = (
					"$(inherited)",
					"$(PLATFORM_DIR)/Developer/Library/Frameworks",
				);
				HEADER_SEARCH_PATHS = "$(inherited)";
				INFOPLIST_FILE = ModelSynchro.xcodeproj/Stencil_Info.plist;
				LD_RUNPATH_SEARCH_PATHS = "$(inherited) $(TOOLCHAIN_DIR)/usr/lib/swift/macosx";
				OTHER_CFLAGS = "$(inherited)";
				OTHER_LDFLAGS = "$(inherited)";
				OTHER_SWIFT_FLAGS = "$(inherited)";
				PRODUCT_BUNDLE_IDENTIFIER = Stencil;
				PRODUCT_MODULE_NAME = "$(TARGET_NAME:c99extidentifier)";
				PRODUCT_NAME = "$(TARGET_NAME:c99extidentifier)";
				SKIP_INSTALL = YES;
				SWIFT_ACTIVE_COMPILATION_CONDITIONS = "$(inherited)";
				SWIFT_VERSION = 4.2;
				TARGET_NAME = Stencil;
			};
			name = Debug;
		};
		OBJ_218 /* Release */ = {
			isa = XCBuildConfiguration;
			buildSettings = {
				ENABLE_TESTABILITY = YES;
				FRAMEWORK_SEARCH_PATHS = (
					"$(inherited)",
					"$(PLATFORM_DIR)/Developer/Library/Frameworks",
				);
				HEADER_SEARCH_PATHS = "$(inherited)";
				INFOPLIST_FILE = ModelSynchro.xcodeproj/Stencil_Info.plist;
				LD_RUNPATH_SEARCH_PATHS = "$(inherited) $(TOOLCHAIN_DIR)/usr/lib/swift/macosx";
				OTHER_CFLAGS = "$(inherited)";
				OTHER_LDFLAGS = "$(inherited)";
				OTHER_SWIFT_FLAGS = "$(inherited)";
				PRODUCT_BUNDLE_IDENTIFIER = Stencil;
				PRODUCT_MODULE_NAME = "$(TARGET_NAME:c99extidentifier)";
				PRODUCT_NAME = "$(TARGET_NAME:c99extidentifier)";
				SKIP_INSTALL = YES;
				SWIFT_ACTIVE_COMPILATION_CONDITIONS = "$(inherited)";
				SWIFT_VERSION = 4.2;
				TARGET_NAME = Stencil;
			};
			name = Release;
		};
		OBJ_245 /* Debug */ = {
			isa = XCBuildConfiguration;
			buildSettings = {
				LD = /usr/bin/true;
				OTHER_SWIFT_FLAGS = "-swift-version 4.2 -I $(TOOLCHAIN_DIR)/usr/lib/swift/pm/4_2 -target x86_64-apple-macosx10.10 -sdk /Applications/Xcode.app/Contents/Developer/Platforms/MacOSX.platform/Developer/SDKs/MacOSX10.14.sdk";
				SWIFT_VERSION = 4.2;
			};
			name = Debug;
		};
		OBJ_246 /* Release */ = {
			isa = XCBuildConfiguration;
			buildSettings = {
				LD = /usr/bin/true;
				OTHER_SWIFT_FLAGS = "-swift-version 4.2 -I $(TOOLCHAIN_DIR)/usr/lib/swift/pm/4_2 -target x86_64-apple-macosx10.10 -sdk /Applications/Xcode.app/Contents/Developer/Platforms/MacOSX.platform/Developer/SDKs/MacOSX10.14.sdk";
				SWIFT_VERSION = 4.2;
			};
			name = Release;
		};
		OBJ_3 /* Debug */ = {
			isa = XCBuildConfiguration;
			buildSettings = {
				CLANG_ENABLE_OBJC_ARC = YES;
				COMBINE_HIDPI_IMAGES = YES;
				COPY_PHASE_STRIP = NO;
				DEBUG_INFORMATION_FORMAT = dwarf;
				DYLIB_INSTALL_NAME_BASE = "@rpath";
				ENABLE_NS_ASSERTIONS = YES;
				GCC_OPTIMIZATION_LEVEL = 0;
				GCC_PREPROCESSOR_DEFINITIONS = (
					"DEBUG=1",
					"$(inherited)",
				);
				MACOSX_DEPLOYMENT_TARGET = 10.10;
				ONLY_ACTIVE_ARCH = YES;
				OTHER_SWIFT_FLAGS = "-DXcode";
				PRODUCT_NAME = "$(TARGET_NAME)";
				SDKROOT = macosx;
				SUPPORTED_PLATFORMS = "macosx iphoneos iphonesimulator appletvos appletvsimulator watchos watchsimulator";
				SWIFT_ACTIVE_COMPILATION_CONDITIONS = "SWIFT_PACKAGE DEBUG";
				SWIFT_OPTIMIZATION_LEVEL = "-Onone";
				USE_HEADERMAP = NO;
			};
			name = Debug;
		};
		OBJ_4 /* Release */ = {
			isa = XCBuildConfiguration;
			buildSettings = {
				CLANG_ENABLE_OBJC_ARC = YES;
				COMBINE_HIDPI_IMAGES = YES;
				COPY_PHASE_STRIP = YES;
				DEBUG_INFORMATION_FORMAT = "dwarf-with-dsym";
				DYLIB_INSTALL_NAME_BASE = "@rpath";
				GCC_OPTIMIZATION_LEVEL = s;
				MACOSX_DEPLOYMENT_TARGET = 10.10;
				OTHER_SWIFT_FLAGS = "-DXcode";
				PRODUCT_NAME = "$(TARGET_NAME)";
				SDKROOT = macosx;
				SUPPORTED_PLATFORMS = "macosx iphoneos iphonesimulator appletvos appletvsimulator watchos watchsimulator";
				SWIFT_ACTIVE_COMPILATION_CONDITIONS = SWIFT_PACKAGE;
				SWIFT_OPTIMIZATION_LEVEL = "-Owholemodule";
				USE_HEADERMAP = NO;
			};
			name = Release;
		};
/* End XCBuildConfiguration section */

/* Begin XCConfigurationList section */
		OBJ_120 /* Build configuration list for PBXNativeTarget "ModelSynchro" */ = {
			isa = XCConfigurationList;
			buildConfigurations = (
				OBJ_121 /* Debug */,
				OBJ_122 /* Release */,
			);
			defaultConfigurationIsVisible = 0;
			defaultConfigurationName = Release;
		};
		OBJ_170 /* Build configuration list for PBXNativeTarget "ModelSynchroPackageDescription" */ = {
			isa = XCConfigurationList;
			buildConfigurations = (
				OBJ_171 /* Debug */,
				OBJ_172 /* Release */,
			);
			defaultConfigurationIsVisible = 0;
			defaultConfigurationName = Release;
		};
		OBJ_176 /* Build configuration list for PBXAggregateTarget "ModelSynchroPackageTests" */ = {
			isa = XCConfigurationList;
			buildConfigurations = (
				OBJ_177 /* Debug */,
				OBJ_178 /* Release */,
			);
			defaultConfigurationIsVisible = 0;
			defaultConfigurationName = Release;
		};
		OBJ_181 /* Build configuration list for PBXNativeTarget "ModelSynchroTests" */ = {
			isa = XCConfigurationList;
			buildConfigurations = (
				OBJ_182 /* Debug */,
				OBJ_183 /* Release */,
			);
			defaultConfigurationIsVisible = 0;
			defaultConfigurationName = Release;
		};
		OBJ_2 /* Build configuration list for PBXProject "ModelSynchro" */ = {
			isa = XCConfigurationList;
			buildConfigurations = (
				OBJ_3 /* Debug */,
				OBJ_4 /* Release */,
			);
			defaultConfigurationIsVisible = 0;
			defaultConfigurationName = Release;
		};
		OBJ_204 /* Build configuration list for PBXNativeTarget "PathKit" */ = {
			isa = XCConfigurationList;
			buildConfigurations = (
				OBJ_205 /* Debug */,
				OBJ_206 /* Release */,
			);
			defaultConfigurationIsVisible = 0;
			defaultConfigurationName = Release;
		};
		OBJ_211 /* Build configuration list for PBXNativeTarget "PathKitPackageDescription" */ = {
			isa = XCConfigurationList;
			buildConfigurations = (
				OBJ_212 /* Debug */,
				OBJ_213 /* Release */,
			);
			defaultConfigurationIsVisible = 0;
			defaultConfigurationName = Release;
		};
		OBJ_216 /* Build configuration list for PBXNativeTarget "Stencil" */ = {
			isa = XCConfigurationList;
			buildConfigurations = (
				OBJ_217 /* Debug */,
				OBJ_218 /* Release */,
			);
			defaultConfigurationIsVisible = 0;
			defaultConfigurationName = Release;
		};
		OBJ_244 /* Build configuration list for PBXNativeTarget "StencilPackageDescription" */ = {
			isa = XCConfigurationList;
			buildConfigurations = (
				OBJ_245 /* Debug */,
				OBJ_246 /* Release */,
			);
			defaultConfigurationIsVisible = 0;
			defaultConfigurationName = Release;
		};
/* End XCConfigurationList section */
	};
	rootObject = OBJ_1 /* Project object */;
}
